// !$*UTF8*$!
{
	archiveVersion = 1;
	classes = {
	};
	objectVersion = 50;
	objects = {

/* Begin PBXBuildFile section */
		5284AC4424F1617000D8EC2D /* AppDelegate.swift in Sources */ = {isa = PBXBuildFile; fileRef = 5284AC4324F1617000D8EC2D /* AppDelegate.swift */; };
		5284AC4624F1617000D8EC2D /* SceneDelegate.swift in Sources */ = {isa = PBXBuildFile; fileRef = 5284AC4524F1617000D8EC2D /* SceneDelegate.swift */; };
		5284AC4824F1617000D8EC2D /* ContentView.swift in Sources */ = {isa = PBXBuildFile; fileRef = 5284AC4724F1617000D8EC2D /* ContentView.swift */; };
		5284AC4A24F1617100D8EC2D /* Assets.xcassets in Resources */ = {isa = PBXBuildFile; fileRef = 5284AC4924F1617100D8EC2D /* Assets.xcassets */; };
		5284AC4D24F1617100D8EC2D /* Preview Assets.xcassets in Resources */ = {isa = PBXBuildFile; fileRef = 5284AC4C24F1617100D8EC2D /* Preview Assets.xcassets */; };
		5284AC5024F1617100D8EC2D /* LaunchScreen.storyboard in Resources */ = {isa = PBXBuildFile; fileRef = 5284AC4E24F1617100D8EC2D /* LaunchScreen.storyboard */; };
/* End PBXBuildFile section */

/* Begin PBXFileReference section */
		5284AC4024F1617000D8EC2D /* Day16Project1Part1.app */ = {isa = PBXFileReference; explicitFileType = wrapper.application; includeInIndex = 0; path = Day16Project1Part1.app; sourceTree = BUILT_PRODUCTS_DIR; };
		5284AC4324F1617000D8EC2D /* AppDelegate.swift */ = {isa = PBXFileReference; lastKnownFileType = sourcecode.swift; path = AppDelegate.swift; sourceTree = "<group>"; };
		5284AC4524F1617000D8EC2D /* SceneDelegate.swift */ = {isa = PBXFileReference; lastKnownFileType = sourcecode.swift; path = SceneDelegate.swift; sourceTree = "<group>"; };
		5284AC4724F1617000D8EC2D /* ContentView.swift */ = {isa = PBXFileReference; lastKnownFileType = sourcecode.swift; path = ContentView.swift; sourceTree = "<group>"; };
		5284AC4924F1617100D8EC2D /* Assets.xcassets */ = {isa = PBXFileReference; lastKnownFileType = folder.assetcatalog; path = Assets.xcassets; sourceTree = "<group>"; };
		5284AC4C24F1617100D8EC2D /* Preview Assets.xcassets */ = {isa = PBXFileReference; lastKnownFileType = folder.assetcatalog; path = "Preview Assets.xcassets"; sourceTree = "<group>"; };
		5284AC4F24F1617100D8EC2D /* Base */ = {isa = PBXFileReference; lastKnownFileType = file.storyboard; name = Base; path = Base.lproj/LaunchScreen.storyboard; sourceTree = "<group>"; };
		5284AC5124F1617100D8EC2D /* Info.plist */ = {isa = PBXFileReference; lastKnownFileType = text.plist.xml; path = Info.plist; sourceTree = "<group>"; };
/* End PBXFileReference section */

/* Begin PBXFrameworksBuildPhase section */
		5284AC3D24F1617000D8EC2D /* Frameworks */ = {
			isa = PBXFrameworksBuildPhase;
			buildActionMask = 2147483647;
			files = (
			);
			runOnlyForDeploymentPostprocessing = 0;
		};
/* End PBXFrameworksBuildPhase section */

/* Begin PBXGroup section */
		5284AC3724F1617000D8EC2D = {
			isa = PBXGroup;
			children = (
				5284AC4224F1617000D8EC2D /* Day16Project1Part1 */,
				5284AC4124F1617000D8EC2D /* Products */,
			);
			sourceTree = "<group>";
		};
		5284AC4124F1617000D8EC2D /* Products */ = {
			isa = PBXGroup;
			children = (
				5284AC4024F1617000D8EC2D /* Day16Project1Part1.app */,
			);
			name = Products;
			sourceTree = "<group>";
		};
		5284AC4224F1617000D8EC2D /* Day16Project1Part1 */ = {
			isa = PBXGroup;
			children = (
				5284AC4324F1617000D8EC2D /* AppDelegate.swift */,
				5284AC4524F1617000D8EC2D /* SceneDelegate.swift */,
				5284AC4724F1617000D8EC2D /* ContentView.swift */,
				5284AC4924F1617100D8EC2D /* Assets.xcassets */,
				5284AC4E24F1617100D8EC2D /* LaunchScreen.storyboard */,
				5284AC5124F1617100D8EC2D /* Info.plist */,
				5284AC4B24F1617100D8EC2D /* Preview Content */,
			);
			path = Day16Project1Part1;
			sourceTree = "<group>";
		};
		5284AC4B24F1617100D8EC2D /* Preview Content */ = {
			isa = PBXGroup;
			children = (
				5284AC4C24F1617100D8EC2D /* Preview Assets.xcassets */,
			);
			path = "Preview Content";
			sourceTree = "<group>";
		};
/* End PBXGroup section */

/* Begin PBXNativeTarget section */
		5284AC3F24F1617000D8EC2D /* Day16Project1Part1 */ = {
			isa = PBXNativeTarget;
			buildConfigurationList = 5284AC5424F1617100D8EC2D /* Build configuration list for PBXNativeTarget "Day16Project1Part1" */;
			buildPhases = (
				5284AC3C24F1617000D8EC2D /* Sources */,
				5284AC3D24F1617000D8EC2D /* Frameworks */,
				5284AC3E24F1617000D8EC2D /* Resources */,
			);
			buildRules = (
			);
			dependencies = (
			);
			name = Day16Project1Part1;
			productName = Day16Project1Part1;
			productReference = 5284AC4024F1617000D8EC2D /* Day16Project1Part1.app */;
			productType = "com.apple.product-type.application";
		};
/* End PBXNativeTarget section */

/* Begin PBXProject section */
		5284AC3824F1617000D8EC2D /* Project object */ = {
			isa = PBXProject;
			attributes = {
				LastSwiftUpdateCheck = 1160;
				LastUpgradeCheck = 1160;
				ORGANIZATIONNAME = Ginger;
				TargetAttributes = {
					5284AC3F24F1617000D8EC2D = {
						CreatedOnToolsVersion = 11.6;
					};
				};
			};
			buildConfigurationList = 5284AC3B24F1617000D8EC2D /* Build configuration list for PBXProject "Day16Project1Part1" */;
			compatibilityVersion = "Xcode 9.3";
			developmentRegion = en;
			hasScannedForEncodings = 0;
			knownRegions = (
				en,
				Base,
			);
			mainGroup = 5284AC3724F1617000D8EC2D;
			productRefGroup = 5284AC4124F1617000D8EC2D /* Products */;
			projectDirPath = "";
			projectRoot = "";
			targets = (
				5284AC3F24F1617000D8EC2D /* Day16Project1Part1 */,
			);
		};
/* End PBXProject section */

/* Begin PBXResourcesBuildPhase section */
		5284AC3E24F1617000D8EC2D /* Resources */ = {
			isa = PBXResourcesBuildPhase;
			buildActionMask = 2147483647;
			files = (
				5284AC5024F1617100D8EC2D /* LaunchScreen.storyboard in Resources */,
				5284AC4D24F1617100D8EC2D /* Preview Assets.xcassets in Resources */,
				5284AC4A24F1617100D8EC2D /* Assets.xcassets in Resources */,
			);
			runOnlyForDeploymentPostprocessing = 0;
		};
/* End PBXResourcesBuildPhase section */

/* Begin PBXSourcesBuildPhase section */
		5284AC3C24F1617000D8EC2D /* Sources */ = {
			isa = PBXSourcesBuildPhase;
			buildActionMask = 2147483647;
			files = (
				5284AC4424F1617000D8EC2D /* AppDelegate.swift in Sources */,
				5284AC4624F1617000D8EC2D /* SceneDelegate.swift in Sources */,
				5284AC4824F1617000D8EC2D /* ContentView.swift in Sources */,
			);
			runOnlyForDeploymentPostprocessing = 0;
		};
/* End PBXSourcesBuildPhase section */

/* Begin PBXVariantGroup section */
		5284AC4E24F1617100D8EC2D /* LaunchScreen.storyboard */ = {
			isa = PBXVariantGroup;
			children = (
				5284AC4F24F1617100D8EC2D /* Base */,
			);
			name = LaunchScreen.storyboard;
			sourceTree = "<group>";
		};
/* End PBXVariantGroup section */

/* Begin XCBuildConfiguration section */
		5284AC5224F1617100D8EC2D /* Debug */ = {
			isa = XCBuildConfiguration;
			buildSettings = {
				ALWAYS_SEARCH_USER_PATHS = NO;
				CLANG_ANALYZER_NONNULL = YES;
				CLANG_ANALYZER_NUMBER_OBJECT_CONVERSION = YES_AGGRESSIVE;
				CLANG_CXX_LANGUAGE_STANDARD = "gnu++14";
				CLANG_CXX_LIBRARY = "libc++";
				CLANG_ENABLE_MODULES = YES;
				CLANG_ENABLE_OBJC_ARC = YES;
				CLANG_ENABLE_OBJC_WEAK = YES;
				CLANG_WARN_BLOCK_CAPTURE_AUTORELEASING = YES;
				CLANG_WARN_BOOL_CONVERSION = YES;
				CLANG_WARN_COMMA = YES;
				CLANG_WARN_CONSTANT_CONVERSION = YES;
				CLANG_WARN_DEPRECATED_OBJC_IMPLEMENTATIONS = YES;
				CLANG_WARN_DIRECT_OBJC_ISA_USAGE = YES_ERROR;
				CLANG_WARN_DOCUMENTATION_COMMENTS = YES;
				CLANG_WARN_EMPTY_BODY = YES;
				CLANG_WARN_ENUM_CONVERSION = YES;
				CLANG_WARN_INFINITE_RECURSION = YES;
				CLANG_WARN_INT_CONVERSION = YES;
				CLANG_WARN_NON_LITERAL_NULL_CONVERSION = YES;
				CLANG_WARN_OBJC_IMPLICIT_RETAIN_SELF = YES;
				CLANG_WARN_OBJC_LITERAL_CONVERSION = YES;
				CLANG_WARN_OBJC_ROOT_CLASS = YES_ERROR;
				CLANG_WARN_RANGE_LOOP_ANALYSIS = YES;
				CLANG_WARN_STRICT_PROTOTYPES = YES;
				CLANG_WARN_SUSPICIOUS_MOVE = YES;
				CLANG_WARN_UNGUARDED_AVAILABILITY = YES_AGGRESSIVE;
				CLANG_WARN_UNREACHABLE_CODE = YES;
				CLANG_WARN__DUPLICATE_METHOD_MATCH = YES;
				COPY_PHASE_STRIP = NO;
				DEBUG_INFORMATION_FORMAT = dwarf;
				ENABLE_STRICT_OBJC_MSGSEND = YES;
				ENABLE_TESTABILITY = YES;
				GCC_C_LANGUAGE_STANDARD = gnu11;
				GCC_DYNAMIC_NO_PIC = NO;
				GCC_NO_COMMON_BLOCKS = YES;
				GCC_OPTIMIZATION_LEVEL = 0;
				GCC_PREPROCESSOR_DEFINITIONS = (
					"DEBUG=1",
					"$(inherited)",
				);
				GCC_WARN_64_TO_32_BIT_CONVERSION = YES;
				GCC_WARN_ABOUT_RETURN_TYPE = YES_ERROR;
				GCC_WARN_UNDECLARED_SELECTOR = YES;
				GCC_WARN_UNINITIALIZED_AUTOS = YES_AGGRESSIVE;
				GCC_WARN_UNUSED_FUNCTION = YES;
				GCC_WARN_UNUSED_VARIABLE = YES;
				IPHONEOS_DEPLOYMENT_TARGET = 13.6;
				MTL_ENABLE_DEBUG_INFO = INCLUDE_SOURCE;
				MTL_FAST_MATH = YES;
				ONLY_ACTIVE_ARCH = YES;
				SDKROOT = iphoneos;
				SWIFT_ACTIVE_COMPILATION_CONDITIONS = DEBUG;
				SWIFT_OPTIMIZATION_LEVEL = "-Onone";
			};
			name = Debug;
		};
		5284AC5324F1617100D8EC2D /* Release */ = {
			isa = XCBuildConfiguration;
			buildSettings = {
				ALWAYS_SEARCH_USER_PATHS = NO;
				CLANG_ANALYZER_NONNULL = YES;
				CLANG_ANALYZER_NUMBER_OBJECT_CONVERSION = YES_AGGRESSIVE;
				CLANG_CXX_LANGUAGE_STANDARD = "gnu++14";
				CLANG_CXX_LIBRARY = "libc++";
				CLANG_ENABLE_MODULES = YES;
				CLANG_ENABLE_OBJC_ARC = YES;
				CLANG_ENABLE_OBJC_WEAK = YES;
				CLANG_WARN_BLOCK_CAPTURE_AUTORELEASING = YES;
				CLANG_WARN_BOOL_CONVERSION = YES;
				CLANG_WARN_COMMA = YES;
				CLANG_WARN_CONSTANT_CONVERSION = YES;
				CLANG_WARN_DEPRECATED_OBJC_IMPLEMENTATIONS = YES;
				CLANG_WARN_DIRECT_OBJC_ISA_USAGE = YES_ERROR;
				CLANG_WARN_DOCUMENTATION_COMMENTS = YES;
				CLANG_WARN_EMPTY_BODY = YES;
				CLANG_WARN_ENUM_CONVERSION = YES;
				CLANG_WARN_INFINITE_RECURSION = YES;
				CLANG_WARN_INT_CONVERSION = YES;
				CLANG_WARN_NON_LITERAL_NULL_CONVERSION = YES;
				CLANG_WARN_OBJC_IMPLICIT_RETAIN_SELF = YES;
				CLANG_WARN_OBJC_LITERAL_CONVERSION = YES;
				CLANG_WARN_OBJC_ROOT_CLASS = YES_ERROR;
				CLANG_WARN_RANGE_LOOP_ANALYSIS = YES;
				CLANG_WARN_STRICT_PROTOTYPES = YES;
				CLANG_WARN_SUSPICIOUS_MOVE = YES;
				CLANG_WARN_UNGUARDED_AVAILABILITY = YES_AGGRESSIVE;
				CLANG_WARN_UNREACHABLE_CODE = YES;
				CLANG_WARN__DUPLICATE_METHOD_MATCH = YES;
				COPY_PHASE_STRIP = NO;
				DEBUG_INFORMATION_FORMAT = "dwarf-with-dsym";
				ENABLE_NS_ASSERTIONS = NO;
				ENABLE_STRICT_OBJC_MSGSEND = YES;
				GCC_C_LANGUAGE_STANDARD = gnu11;
				GCC_NO_COMMON_BLOCKS = YES;
				GCC_WARN_64_TO_32_BIT_CONVERSION = YES;
				GCC_WARN_ABOUT_RETURN_TYPE = YES_ERROR;
				GCC_WARN_UNDECLARED_SELECTOR = YES;
				GCC_WARN_UNINITIALIZED_AUTOS = YES_AGGRESSIVE;
				GCC_WARN_UNUSED_FUNCTION = YES;
				GCC_WARN_UNUSED_VARIABLE = YES;
				IPHONEOS_DEPLOYMENT_TARGET = 13.6;
				MTL_ENABLE_DEBUG_INFO = NO;
				MTL_FAST_MATH = YES;
				SDKROOT = iphoneos;
				SWIFT_COMPILATION_MODE = wholemodule;
				SWIFT_OPTIMIZATION_LEVEL = "-O";
				VALIDATE_PRODUCT = YES;
			};
			name = Release;
		};
		5284AC5524F1617100D8EC2D /* Debug */ = {
			isa = XCBuildConfiguration;
			buildSettings = {
				ASSETCATALOG_COMPILER_APPICON_NAME = AppIcon;
				CODE_SIGN_STYLE = Automatic;
				DEVELOPMENT_ASSET_PATHS = "\"Day16Project1Part1/Preview Content\"";
				ENABLE_PREVIEWS = YES;
				INFOPLIST_FILE = Day16Project1Part1/Info.plist;
				LD_RUNPATH_SEARCH_PATHS = (
					"$(inherited)",
					"@executable_path/Frameworks",
				);
				PRODUCT_BUNDLE_IDENTIFIER = com.ginger.Day16Project1Part1;
				PRODUCT_NAME = "$(TARGET_NAME)";
				SWIFT_VERSION = 5.0;
				TARGETED_DEVICE_FAMILY = "1,2";
			};
			name = Debug;
		};
		5284AC5624F1617100D8EC2D /* Release */ = {
			isa = XCBuildConfiguration;
			buildSettings = {
				ASSETCATALOG_COMPILER_APPICON_NAME = AppIcon;
				CODE_SIGN_STYLE = Automatic;
				DEVELOPMENT_ASSET_PATHS = "\"Day16Project1Part1/Preview Content\"";
				ENABLE_PREVIEWS = YES;
				INFOPLIST_FILE = Day16Project1Part1/Info.plist;
				LD_RUNPATH_SEARCH_PATHS = (
					"$(inherited)",
					"@executable_path/Frameworks",
				);
				PRODUCT_BUNDLE_IDENTIFIER = com.ginger.Day16Project1Part1;
				PRODUCT_NAME = "$(TARGET_NAME)";
				SWIFT_VERSION = 5.0;
				TARGETED_DEVICE_FAMILY = "1,2";
			};
			name = Release;
		};
/* End XCBuildConfiguration section */

/* Begin XCConfigurationList section */
		5284AC3B24F1617000D8EC2D /* Build configuration list for PBXProject "Day16Project1Part1" */ = {
			isa = XCConfigurationList;
			buildConfigurations = (
				5284AC5224F1617100D8EC2D /* Debug */,
				5284AC5324F1617100D8EC2D /* Release */,
			);
			defaultConfigurationIsVisible = 0;
			defaultConfigurationName = Release;
		};
		5284AC5424F1617100D8EC2D /* Build configuration list for PBXNativeTarget "Day16Project1Part1" */ = {
			isa = XCConfigurationList;
			buildConfigurations = (
				5284AC5524F1617100D8EC2D /* Debug */,
				5284AC5624F1617100D8EC2D /* Release */,
			);
			defaultConfigurationIsVisible = 0;
			defaultConfigurationName = Release;
		};
/* End XCConfigurationList section */
	};
	rootObject = 5284AC3824F1617000D8EC2D /* Project object */;
}
