// !$*UTF8*$!
{
	archiveVersion = 1;
	classes = {
	};
	objectVersion = 50;
	objects = {

/* Begin PBXBuildFile section */
		52ECBB9824FBE79B000CEFD4 /* AppDelegate.swift in Sources */ = {isa = PBXBuildFile; fileRef = 52ECBB9724FBE79B000CEFD4 /* AppDelegate.swift */; };
		52ECBB9A24FBE79B000CEFD4 /* SceneDelegate.swift in Sources */ = {isa = PBXBuildFile; fileRef = 52ECBB9924FBE79B000CEFD4 /* SceneDelegate.swift */; };
		52ECBB9C24FBE79B000CEFD4 /* ContentView.swift in Sources */ = {isa = PBXBuildFile; fileRef = 52ECBB9B24FBE79B000CEFD4 /* ContentView.swift */; };
		52ECBB9E24FBE79C000CEFD4 /* Assets.xcassets in Resources */ = {isa = PBXBuildFile; fileRef = 52ECBB9D24FBE79C000CEFD4 /* Assets.xcassets */; };
		52ECBBA124FBE79C000CEFD4 /* Preview Assets.xcassets in Resources */ = {isa = PBXBuildFile; fileRef = 52ECBBA024FBE79C000CEFD4 /* Preview Assets.xcassets */; };
		52ECBBA424FBE79C000CEFD4 /* LaunchScreen.storyboard in Resources */ = {isa = PBXBuildFile; fileRef = 52ECBBA224FBE79C000CEFD4 /* LaunchScreen.storyboard */; };
		52ECBBAC24FBF0D0000CEFD4 /* Lessons.swift in Sources */ = {isa = PBXBuildFile; fileRef = 52ECBBAB24FBF0D0000CEFD4 /* Lessons.swift */; };
		52ECBBAF24FBF136000CEFD4 /* missions.json in Resources */ = {isa = PBXBuildFile; fileRef = 52ECBBAD24FBF136000CEFD4 /* missions.json */; };
		52ECBBB024FBF136000CEFD4 /* astronauts.json in Resources */ = {isa = PBXBuildFile; fileRef = 52ECBBAE24FBF136000CEFD4 /* astronauts.json */; };
		52ECBBB424FBF1BB000CEFD4 /* Astronaut.swift in Sources */ = {isa = PBXBuildFile; fileRef = 52ECBBB324FBF1BB000CEFD4 /* Astronaut.swift */; };
		52ECBBB624FBF239000CEFD4 /* Bundle-Decodable.swift in Sources */ = {isa = PBXBuildFile; fileRef = 52ECBBB524FBF239000CEFD4 /* Bundle-Decodable.swift */; };
		52ECBBB824FBF3FB000CEFD4 /* Mission.swift in Sources */ = {isa = PBXBuildFile; fileRef = 52ECBBB724FBF3FB000CEFD4 /* Mission.swift */; };
		52ECBBBA24FBF937000CEFD4 /* MissionView.swift in Sources */ = {isa = PBXBuildFile; fileRef = 52ECBBB924FBF937000CEFD4 /* MissionView.swift */; };
		52ECBBBC24FC016A000CEFD4 /* AstronautView.swift in Sources */ = {isa = PBXBuildFile; fileRef = 52ECBBBB24FC016A000CEFD4 /* AstronautView.swift */; };
		52ECBBBE24FC1887000CEFD4 /* CrewMembersView.swift in Sources */ = {isa = PBXBuildFile; fileRef = 52ECBBBD24FC1887000CEFD4 /* CrewMembersView.swift */; };
/* End PBXBuildFile section */

/* Begin PBXFileReference section */
		52ECBB9424FBE79B000CEFD4 /* Moonshot.app */ = {isa = PBXFileReference; explicitFileType = wrapper.application; includeInIndex = 0; path = Moonshot.app; sourceTree = BUILT_PRODUCTS_DIR; };
		52ECBB9724FBE79B000CEFD4 /* AppDelegate.swift */ = {isa = PBXFileReference; lastKnownFileType = sourcecode.swift; path = AppDelegate.swift; sourceTree = "<group>"; };
		52ECBB9924FBE79B000CEFD4 /* SceneDelegate.swift */ = {isa = PBXFileReference; lastKnownFileType = sourcecode.swift; path = SceneDelegate.swift; sourceTree = "<group>"; };
		52ECBB9B24FBE79B000CEFD4 /* ContentView.swift */ = {isa = PBXFileReference; lastKnownFileType = sourcecode.swift; path = ContentView.swift; sourceTree = "<group>"; };
		52ECBB9D24FBE79C000CEFD4 /* Assets.xcassets */ = {isa = PBXFileReference; lastKnownFileType = folder.assetcatalog; path = Assets.xcassets; sourceTree = "<group>"; };
		52ECBBA024FBE79C000CEFD4 /* Preview Assets.xcassets */ = {isa = PBXFileReference; lastKnownFileType = folder.assetcatalog; path = "Preview Assets.xcassets"; sourceTree = "<group>"; };
		52ECBBA324FBE79C000CEFD4 /* Base */ = {isa = PBXFileReference; lastKnownFileType = file.storyboard; name = Base; path = Base.lproj/LaunchScreen.storyboard; sourceTree = "<group>"; };
		52ECBBA524FBE79C000CEFD4 /* Info.plist */ = {isa = PBXFileReference; lastKnownFileType = text.plist.xml; path = Info.plist; sourceTree = "<group>"; };
		52ECBBAB24FBF0D0000CEFD4 /* Lessons.swift */ = {isa = PBXFileReference; lastKnownFileType = sourcecode.swift; path = Lessons.swift; sourceTree = "<group>"; };
		52ECBBAD24FBF136000CEFD4 /* missions.json */ = {isa = PBXFileReference; fileEncoding = 4; lastKnownFileType = text.json; path = missions.json; sourceTree = "<group>"; };
		52ECBBAE24FBF136000CEFD4 /* astronauts.json */ = {isa = PBXFileReference; fileEncoding = 4; lastKnownFileType = text.json; path = astronauts.json; sourceTree = "<group>"; };
		52ECBBB324FBF1BB000CEFD4 /* Astronaut.swift */ = {isa = PBXFileReference; lastKnownFileType = sourcecode.swift; path = Astronaut.swift; sourceTree = "<group>"; };
		52ECBBB524FBF239000CEFD4 /* Bundle-Decodable.swift */ = {isa = PBXFileReference; lastKnownFileType = sourcecode.swift; path = "Bundle-Decodable.swift"; sourceTree = "<group>"; };
		52ECBBB724FBF3FB000CEFD4 /* Mission.swift */ = {isa = PBXFileReference; lastKnownFileType = sourcecode.swift; path = Mission.swift; sourceTree = "<group>"; };
		52ECBBB924FBF937000CEFD4 /* MissionView.swift */ = {isa = PBXFileReference; lastKnownFileType = sourcecode.swift; path = MissionView.swift; sourceTree = "<group>"; };
		52ECBBBB24FC016A000CEFD4 /* AstronautView.swift */ = {isa = PBXFileReference; lastKnownFileType = sourcecode.swift; path = AstronautView.swift; sourceTree = "<group>"; };
		52ECBBBD24FC1887000CEFD4 /* CrewMembersView.swift */ = {isa = PBXFileReference; lastKnownFileType = sourcecode.swift; path = CrewMembersView.swift; sourceTree = "<group>"; };
/* End PBXFileReference section */

/* Begin PBXFrameworksBuildPhase section */
		52ECBB9124FBE79B000CEFD4 /* Frameworks */ = {
			isa = PBXFrameworksBuildPhase;
			buildActionMask = 2147483647;
			files = (
			);
			runOnlyForDeploymentPostprocessing = 0;
		};
/* End PBXFrameworksBuildPhase section */

/* Begin PBXGroup section */
		52ECBB8B24FBE79B000CEFD4 = {
			isa = PBXGroup;
			children = (
				52ECBB9624FBE79B000CEFD4 /* Moonshot */,
				52ECBB9524FBE79B000CEFD4 /* Products */,
			);
			sourceTree = "<group>";
		};
		52ECBB9524FBE79B000CEFD4 /* Products */ = {
			isa = PBXGroup;
			children = (
				52ECBB9424FBE79B000CEFD4 /* Moonshot.app */,
			);
			name = Products;
			sourceTree = "<group>";
		};
		52ECBB9624FBE79B000CEFD4 /* Moonshot */ = {
			isa = PBXGroup;
			children = (
				52ECBB9724FBE79B000CEFD4 /* AppDelegate.swift */,
				52ECBB9924FBE79B000CEFD4 /* SceneDelegate.swift */,
				52ECBBB324FBF1BB000CEFD4 /* Astronaut.swift */,
				52ECBBB724FBF3FB000CEFD4 /* Mission.swift */,
				52ECBBB524FBF239000CEFD4 /* Bundle-Decodable.swift */,
				52ECBB9B24FBE79B000CEFD4 /* ContentView.swift */,
				52ECBBBD24FC1887000CEFD4 /* CrewMembersView.swift */,
				52ECBBB924FBF937000CEFD4 /* MissionView.swift */,
				52ECBBBB24FC016A000CEFD4 /* AstronautView.swift */,
				52ECBB9D24FBE79C000CEFD4 /* Assets.xcassets */,
				52ECBBA224FBE79C000CEFD4 /* LaunchScreen.storyboard */,
				52ECBBA524FBE79C000CEFD4 /* Info.plist */,
				52ECBBAE24FBF136000CEFD4 /* astronauts.json */,
				52ECBBAD24FBF136000CEFD4 /* missions.json */,
				52ECBB9F24FBE79C000CEFD4 /* Preview Content */,
				52ECBBAB24FBF0D0000CEFD4 /* Lessons.swift */,
			);
			path = Moonshot;
			sourceTree = "<group>";
		};
		52ECBB9F24FBE79C000CEFD4 /* Preview Content */ = {
			isa = PBXGroup;
			children = (
				52ECBBA024FBE79C000CEFD4 /* Preview Assets.xcassets */,
			);
			path = "Preview Content";
			sourceTree = "<group>";
		};
/* End PBXGroup section */

/* Begin PBXNativeTarget section */
		52ECBB9324FBE79B000CEFD4 /* Moonshot */ = {
			isa = PBXNativeTarget;
			buildConfigurationList = 52ECBBA824FBE79C000CEFD4 /* Build configuration list for PBXNativeTarget "Moonshot" */;
			buildPhases = (
				52ECBB9024FBE79B000CEFD4 /* Sources */,
				52ECBB9124FBE79B000CEFD4 /* Frameworks */,
				52ECBB9224FBE79B000CEFD4 /* Resources */,
			);
			buildRules = (
			);
			dependencies = (
			);
			name = Moonshot;
			productName = Moonshot;
			productReference = 52ECBB9424FBE79B000CEFD4 /* Moonshot.app */;
			productType = "com.apple.product-type.application";
		};
/* End PBXNativeTarget section */

/* Begin PBXProject section */
		52ECBB8C24FBE79B000CEFD4 /* Project object */ = {
			isa = PBXProject;
			attributes = {
				LastSwiftUpdateCheck = 1160;
				LastUpgradeCheck = 1160;
				ORGANIZATIONNAME = Ginger;
				TargetAttributes = {
					52ECBB9324FBE79B000CEFD4 = {
						CreatedOnToolsVersion = 11.6;
					};
				};
			};
			buildConfigurationList = 52ECBB8F24FBE79B000CEFD4 /* Build configuration list for PBXProject "Moonshot" */;
			compatibilityVersion = "Xcode 9.3";
			developmentRegion = en;
			hasScannedForEncodings = 0;
			knownRegions = (
				en,
				Base,
			);
			mainGroup = 52ECBB8B24FBE79B000CEFD4;
			productRefGroup = 52ECBB9524FBE79B000CEFD4 /* Products */;
			projectDirPath = "";
			projectRoot = "";
			targets = (
				52ECBB9324FBE79B000CEFD4 /* Moonshot */,
			);
		};
/* End PBXProject section */

/* Begin PBXResourcesBuildPhase section */
		52ECBB9224FBE79B000CEFD4 /* Resources */ = {
			isa = PBXResourcesBuildPhase;
			buildActionMask = 2147483647;
			files = (
				52ECBBA424FBE79C000CEFD4 /* LaunchScreen.storyboard in Resources */,
				52ECBBA124FBE79C000CEFD4 /* Preview Assets.xcassets in Resources */,
				52ECBBAF24FBF136000CEFD4 /* missions.json in Resources */,
				52ECBBB024FBF136000CEFD4 /* astronauts.json in Resources */,
				52ECBB9E24FBE79C000CEFD4 /* Assets.xcassets in Resources */,
			);
			runOnlyForDeploymentPostprocessing = 0;
		};
/* End PBXResourcesBuildPhase section */

/* Begin PBXSourcesBuildPhase section */
		52ECBB9024FBE79B000CEFD4 /* Sources */ = {
			isa = PBXSourcesBuildPhase;
			buildActionMask = 2147483647;
			files = (
				52ECBB9824FBE79B000CEFD4 /* AppDelegate.swift in Sources */,
				52ECBBBE24FC1887000CEFD4 /* CrewMembersView.swift in Sources */,
				52ECBBBC24FC016A000CEFD4 /* AstronautView.swift in Sources */,
				52ECBBBA24FBF937000CEFD4 /* MissionView.swift in Sources */,
				52ECBB9A24FBE79B000CEFD4 /* SceneDelegate.swift in Sources */,
				52ECBBB424FBF1BB000CEFD4 /* Astronaut.swift in Sources */,
				52ECBB9C24FBE79B000CEFD4 /* ContentView.swift in Sources */,
				52ECBBAC24FBF0D0000CEFD4 /* Lessons.swift in Sources */,
				52ECBBB824FBF3FB000CEFD4 /* Mission.swift in Sources */,
				52ECBBB624FBF239000CEFD4 /* Bundle-Decodable.swift in Sources */,
			);
			runOnlyForDeploymentPostprocessing = 0;
		};
/* End PBXSourcesBuildPhase section */

/* Begin PBXVariantGroup section */
		52ECBBA224FBE79C000CEFD4 /* LaunchScreen.storyboard */ = {
			isa = PBXVariantGroup;
			children = (
				52ECBBA324FBE79C000CEFD4 /* Base */,
			);
			name = LaunchScreen.storyboard;
			sourceTree = "<group>";
		};
/* End PBXVariantGroup section */

/* Begin XCBuildConfiguration section */
		52ECBBA624FBE79C000CEFD4 /* Debug */ = {
			isa = XCBuildConfiguration;
			buildSettings = {
				ALWAYS_SEARCH_USER_PATHS = NO;
				CLANG_ANALYZER_NONNULL = YES;
				CLANG_ANALYZER_NUMBER_OBJECT_CONVERSION = YES_AGGRESSIVE;
				CLANG_CXX_LANGUAGE_STANDARD = "gnu++14";
				CLANG_CXX_LIBRARY = "libc++";
				CLANG_ENABLE_MODULES = YES;
				CLANG_ENABLE_OBJC_ARC = YES;
				CLANG_ENABLE_OBJC_WEAK = YES;
				CLANG_WARN_BLOCK_CAPTURE_AUTORELEASING = YES;
				CLANG_WARN_BOOL_CONVERSION = YES;
				CLANG_WARN_COMMA = YES;
				CLANG_WARN_CONSTANT_CONVERSION = YES;
				CLANG_WARN_DEPRECATED_OBJC_IMPLEMENTATIONS = YES;
				CLANG_WARN_DIRECT_OBJC_ISA_USAGE = YES_ERROR;
				CLANG_WARN_DOCUMENTATION_COMMENTS = YES;
				CLANG_WARN_EMPTY_BODY = YES;
				CLANG_WARN_ENUM_CONVERSION = YES;
				CLANG_WARN_INFINITE_RECURSION = YES;
				CLANG_WARN_INT_CONVERSION = YES;
				CLANG_WARN_NON_LITERAL_NULL_CONVERSION = YES;
				CLANG_WARN_OBJC_IMPLICIT_RETAIN_SELF = YES;
				CLANG_WARN_OBJC_LITERAL_CONVERSION = YES;
				CLANG_WARN_OBJC_ROOT_CLASS = YES_ERROR;
				CLANG_WARN_RANGE_LOOP_ANALYSIS = YES;
				CLANG_WARN_STRICT_PROTOTYPES = YES;
				CLANG_WARN_SUSPICIOUS_MOVE = YES;
				CLANG_WARN_UNGUARDED_AVAILABILITY = YES_AGGRESSIVE;
				CLANG_WARN_UNREACHABLE_CODE = YES;
				CLANG_WARN__DUPLICATE_METHOD_MATCH = YES;
				COPY_PHASE_STRIP = NO;
				DEBUG_INFORMATION_FORMAT = dwarf;
				ENABLE_STRICT_OBJC_MSGSEND = YES;
				ENABLE_TESTABILITY = YES;
				GCC_C_LANGUAGE_STANDARD = gnu11;
				GCC_DYNAMIC_NO_PIC = NO;
				GCC_NO_COMMON_BLOCKS = YES;
				GCC_OPTIMIZATION_LEVEL = 0;
				GCC_PREPROCESSOR_DEFINITIONS = (
					"DEBUG=1",
					"$(inherited)",
				);
				GCC_WARN_64_TO_32_BIT_CONVERSION = YES;
				GCC_WARN_ABOUT_RETURN_TYPE = YES_ERROR;
				GCC_WARN_UNDECLARED_SELECTOR = YES;
				GCC_WARN_UNINITIALIZED_AUTOS = YES_AGGRESSIVE;
				GCC_WARN_UNUSED_FUNCTION = YES;
				GCC_WARN_UNUSED_VARIABLE = YES;
				IPHONEOS_DEPLOYMENT_TARGET = 13.6;
				MTL_ENABLE_DEBUG_INFO = INCLUDE_SOURCE;
				MTL_FAST_MATH = YES;
				ONLY_ACTIVE_ARCH = YES;
				SDKROOT = iphoneos;
				SWIFT_ACTIVE_COMPILATION_CONDITIONS = DEBUG;
				SWIFT_OPTIMIZATION_LEVEL = "-Onone";
			};
			name = Debug;
		};
		52ECBBA724FBE79C000CEFD4 /* Release */ = {
			isa = XCBuildConfiguration;
			buildSettings = {
				ALWAYS_SEARCH_USER_PATHS = NO;
				CLANG_ANALYZER_NONNULL = YES;
				CLANG_ANALYZER_NUMBER_OBJECT_CONVERSION = YES_AGGRESSIVE;
				CLANG_CXX_LANGUAGE_STANDARD = "gnu++14";
				CLANG_CXX_LIBRARY = "libc++";
				CLANG_ENABLE_MODULES = YES;
				CLANG_ENABLE_OBJC_ARC = YES;
				CLANG_ENABLE_OBJC_WEAK = YES;
				CLANG_WARN_BLOCK_CAPTURE_AUTORELEASING = YES;
				CLANG_WARN_BOOL_CONVERSION = YES;
				CLANG_WARN_COMMA = YES;
				CLANG_WARN_CONSTANT_CONVERSION = YES;
				CLANG_WARN_DEPRECATED_OBJC_IMPLEMENTATIONS = YES;
				CLANG_WARN_DIRECT_OBJC_ISA_USAGE = YES_ERROR;
				CLANG_WARN_DOCUMENTATION_COMMENTS = YES;
				CLANG_WARN_EMPTY_BODY = YES;
				CLANG_WARN_ENUM_CONVERSION = YES;
				CLANG_WARN_INFINITE_RECURSION = YES;
				CLANG_WARN_INT_CONVERSION = YES;
				CLANG_WARN_NON_LITERAL_NULL_CONVERSION = YES;
				CLANG_WARN_OBJC_IMPLICIT_RETAIN_SELF = YES;
				CLANG_WARN_OBJC_LITERAL_CONVERSION = YES;
				CLANG_WARN_OBJC_ROOT_CLASS = YES_ERROR;
				CLANG_WARN_RANGE_LOOP_ANALYSIS = YES;
				CLANG_WARN_STRICT_PROTOTYPES = YES;
				CLANG_WARN_SUSPICIOUS_MOVE = YES;
				CLANG_WARN_UNGUARDED_AVAILABILITY = YES_AGGRESSIVE;
				CLANG_WARN_UNREACHABLE_CODE = YES;
				CLANG_WARN__DUPLICATE_METHOD_MATCH = YES;
				COPY_PHASE_STRIP = NO;
				DEBUG_INFORMATION_FORMAT = "dwarf-with-dsym";
				ENABLE_NS_ASSERTIONS = NO;
				ENABLE_STRICT_OBJC_MSGSEND = YES;
				GCC_C_LANGUAGE_STANDARD = gnu11;
				GCC_NO_COMMON_BLOCKS = YES;
				GCC_WARN_64_TO_32_BIT_CONVERSION = YES;
				GCC_WARN_ABOUT_RETURN_TYPE = YES_ERROR;
				GCC_WARN_UNDECLARED_SELECTOR = YES;
				GCC_WARN_UNINITIALIZED_AUTOS = YES_AGGRESSIVE;
				GCC_WARN_UNUSED_FUNCTION = YES;
				GCC_WARN_UNUSED_VARIABLE = YES;
				IPHONEOS_DEPLOYMENT_TARGET = 13.6;
				MTL_ENABLE_DEBUG_INFO = NO;
				MTL_FAST_MATH = YES;
				SDKROOT = iphoneos;
				SWIFT_COMPILATION_MODE = wholemodule;
				SWIFT_OPTIMIZATION_LEVEL = "-O";
				VALIDATE_PRODUCT = YES;
			};
			name = Release;
		};
		52ECBBA924FBE79C000CEFD4 /* Debug */ = {
			isa = XCBuildConfiguration;
			buildSettings = {
				ASSETCATALOG_COMPILER_APPICON_NAME = AppIcon;
				CODE_SIGN_STYLE = Automatic;
				DEVELOPMENT_ASSET_PATHS = "\"Moonshot/Preview Content\"";
				DEVELOPMENT_TEAM = PM9A36DEYH;
				ENABLE_PREVIEWS = YES;
				INFOPLIST_FILE = Moonshot/Info.plist;
				LD_RUNPATH_SEARCH_PATHS = (
					"$(inherited)",
					"@executable_path/Frameworks",
				);
				PRODUCT_BUNDLE_IDENTIFIER = com.ginger.CupcakeCorner;
				PRODUCT_NAME = "$(TARGET_NAME)";
				SWIFT_VERSION = 5.0;
				TARGETED_DEVICE_FAMILY = "1,2";
			};
			name = Debug;
		};
		52ECBBAA24FBE79C000CEFD4 /* Release */ = {
			isa = XCBuildConfiguration;
			buildSettings = {
				ASSETCATALOG_COMPILER_APPICON_NAME = AppIcon;
				CODE_SIGN_STYLE = Automatic;
				DEVELOPMENT_ASSET_PATHS = "\"Moonshot/Preview Content\"";
				DEVELOPMENT_TEAM = PM9A36DEYH;
				ENABLE_PREVIEWS = YES;
				INFOPLIST_FILE = Moonshot/Info.plist;
				LD_RUNPATH_SEARCH_PATHS = (
					"$(inherited)",
					"@executable_path/Frameworks",
				);
				PRODUCT_BUNDLE_IDENTIFIER = com.ginger.CupcakeCorner;
				PRODUCT_NAME = "$(TARGET_NAME)";
				SWIFT_VERSION = 5.0;
				TARGETED_DEVICE_FAMILY = "1,2";
			};
			name = Release;
		};
/* End XCBuildConfiguration section */

/* Begin XCConfigurationList section */
		52ECBB8F24FBE79B000CEFD4 /* Build configuration list for PBXProject "Moonshot" */ = {
			isa = XCConfigurationList;
			buildConfigurations = (
				52ECBBA624FBE79C000CEFD4 /* Debug */,
				52ECBBA724FBE79C000CEFD4 /* Release */,
			);
			defaultConfigurationIsVisible = 0;
			defaultConfigurationName = Release;
		};
		52ECBBA824FBE79C000CEFD4 /* Build configuration list for PBXNativeTarget "Moonshot" */ = {
			isa = XCConfigurationList;
			buildConfigurations = (
				52ECBBA924FBE79C000CEFD4 /* Debug */,
				52ECBBAA24FBE79C000CEFD4 /* Release */,
			);
			defaultConfigurationIsVisible = 0;
			defaultConfigurationName = Release;
		};
/* End XCConfigurationList section */
	};
	rootObject = 52ECBB8C24FBE79B000CEFD4 /* Project object */;
}
