// !$*UTF8*$!
{
	archiveVersion = 1;
	classes = {
	};
	objectVersion = 50;
	objects = {

/* Begin PBXBuildFile section */
		52117D4E251B8121002AC97B /* AppDelegate.swift in Sources */ = {isa = PBXBuildFile; fileRef = 52117D4D251B8121002AC97B /* AppDelegate.swift */; };
		52117D50251B8121002AC97B /* SceneDelegate.swift in Sources */ = {isa = PBXBuildFile; fileRef = 52117D4F251B8121002AC97B /* SceneDelegate.swift */; };
		52117D52251B8121002AC97B /* ContentView.swift in Sources */ = {isa = PBXBuildFile; fileRef = 52117D51251B8121002AC97B /* ContentView.swift */; };
		52117D55251B8121002AC97B /* FriendFace.xcdatamodeld in Sources */ = {isa = PBXBuildFile; fileRef = 52117D53251B8121002AC97B /* FriendFace.xcdatamodeld */; };
		52117D57251B8122002AC97B /* Assets.xcassets in Resources */ = {isa = PBXBuildFile; fileRef = 52117D56251B8122002AC97B /* Assets.xcassets */; };
		52117D5A251B8122002AC97B /* Preview Assets.xcassets in Resources */ = {isa = PBXBuildFile; fileRef = 52117D59251B8122002AC97B /* Preview Assets.xcassets */; };
		52117D5D251B8122002AC97B /* LaunchScreen.storyboard in Resources */ = {isa = PBXBuildFile; fileRef = 52117D5B251B8122002AC97B /* LaunchScreen.storyboard */; };
		52117D68251B8122002AC97B /* FriendFaceTests.swift in Sources */ = {isa = PBXBuildFile; fileRef = 52117D67251B8122002AC97B /* FriendFaceTests.swift */; };
		52117D73251B8122002AC97B /* FriendFaceUITests.swift in Sources */ = {isa = PBXBuildFile; fileRef = 52117D72251B8122002AC97B /* FriendFaceUITests.swift */; };
		52117D84251B8B0C002AC97B /* UserView.swift in Sources */ = {isa = PBXBuildFile; fileRef = 52117D83251B8B0C002AC97B /* UserView.swift */; };
		52AD67F4251CD7FC002C06EC /* User+CoreDataClass.swift in Sources */ = {isa = PBXBuildFile; fileRef = 52AD67EE251CD7FC002C06EC /* User+CoreDataClass.swift */; };
		52AD67F5251CD7FC002C06EC /* User+CoreDataProperties.swift in Sources */ = {isa = PBXBuildFile; fileRef = 52AD67EF251CD7FC002C06EC /* User+CoreDataProperties.swift */; };
		52AD67F6251CD7FC002C06EC /* Friend+CoreDataClass.swift in Sources */ = {isa = PBXBuildFile; fileRef = 52AD67F0251CD7FC002C06EC /* Friend+CoreDataClass.swift */; };
		52AD67F7251CD7FC002C06EC /* Friend+CoreDataProperties.swift in Sources */ = {isa = PBXBuildFile; fileRef = 52AD67F1251CD7FC002C06EC /* Friend+CoreDataProperties.swift */; };
		52AD67F8251CD7FC002C06EC /* Tag+CoreDataClass.swift in Sources */ = {isa = PBXBuildFile; fileRef = 52AD67F2251CD7FC002C06EC /* Tag+CoreDataClass.swift */; };
		52AD67F9251CD7FC002C06EC /* Tag+CoreDataProperties.swift in Sources */ = {isa = PBXBuildFile; fileRef = 52AD67F3251CD7FC002C06EC /* Tag+CoreDataProperties.swift */; };
/* End PBXBuildFile section */

/* Begin PBXContainerItemProxy section */
		52117D64251B8122002AC97B /* PBXContainerItemProxy */ = {
			isa = PBXContainerItemProxy;
			containerPortal = 52117D42251B8121002AC97B /* Project object */;
			proxyType = 1;
			remoteGlobalIDString = 52117D49251B8121002AC97B;
			remoteInfo = FriendFace;
		};
		52117D6F251B8122002AC97B /* PBXContainerItemProxy */ = {
			isa = PBXContainerItemProxy;
			containerPortal = 52117D42251B8121002AC97B /* Project object */;
			proxyType = 1;
			remoteGlobalIDString = 52117D49251B8121002AC97B;
			remoteInfo = FriendFace;
		};
/* End PBXContainerItemProxy section */

/* Begin PBXFileReference section */
		52117D4A251B8121002AC97B /* FriendFace.app */ = {isa = PBXFileReference; explicitFileType = wrapper.application; includeInIndex = 0; path = FriendFace.app; sourceTree = BUILT_PRODUCTS_DIR; };
		52117D4D251B8121002AC97B /* AppDelegate.swift */ = {isa = PBXFileReference; lastKnownFileType = sourcecode.swift; path = AppDelegate.swift; sourceTree = "<group>"; };
		52117D4F251B8121002AC97B /* SceneDelegate.swift */ = {isa = PBXFileReference; lastKnownFileType = sourcecode.swift; path = SceneDelegate.swift; sourceTree = "<group>"; };
		52117D51251B8121002AC97B /* ContentView.swift */ = {isa = PBXFileReference; lastKnownFileType = sourcecode.swift; path = ContentView.swift; sourceTree = "<group>"; };
		52117D54251B8121002AC97B /* FriendFace.xcdatamodel */ = {isa = PBXFileReference; lastKnownFileType = wrapper.xcdatamodel; path = FriendFace.xcdatamodel; sourceTree = "<group>"; };
		52117D56251B8122002AC97B /* Assets.xcassets */ = {isa = PBXFileReference; lastKnownFileType = folder.assetcatalog; path = Assets.xcassets; sourceTree = "<group>"; };
		52117D59251B8122002AC97B /* Preview Assets.xcassets */ = {isa = PBXFileReference; lastKnownFileType = folder.assetcatalog; path = "Preview Assets.xcassets"; sourceTree = "<group>"; };
		52117D5C251B8122002AC97B /* Base */ = {isa = PBXFileReference; lastKnownFileType = file.storyboard; name = Base; path = Base.lproj/LaunchScreen.storyboard; sourceTree = "<group>"; };
		52117D5E251B8122002AC97B /* Info.plist */ = {isa = PBXFileReference; lastKnownFileType = text.plist.xml; path = Info.plist; sourceTree = "<group>"; };
		52117D63251B8122002AC97B /* FriendFaceTests.xctest */ = {isa = PBXFileReference; explicitFileType = wrapper.cfbundle; includeInIndex = 0; path = FriendFaceTests.xctest; sourceTree = BUILT_PRODUCTS_DIR; };
		52117D67251B8122002AC97B /* FriendFaceTests.swift */ = {isa = PBXFileReference; lastKnownFileType = sourcecode.swift; path = FriendFaceTests.swift; sourceTree = "<group>"; };
		52117D69251B8122002AC97B /* Info.plist */ = {isa = PBXFileReference; lastKnownFileType = text.plist.xml; path = Info.plist; sourceTree = "<group>"; };
		52117D6E251B8122002AC97B /* FriendFaceUITests.xctest */ = {isa = PBXFileReference; explicitFileType = wrapper.cfbundle; includeInIndex = 0; path = FriendFaceUITests.xctest; sourceTree = BUILT_PRODUCTS_DIR; };
		52117D72251B8122002AC97B /* FriendFaceUITests.swift */ = {isa = PBXFileReference; lastKnownFileType = sourcecode.swift; path = FriendFaceUITests.swift; sourceTree = "<group>"; };
		52117D74251B8122002AC97B /* Info.plist */ = {isa = PBXFileReference; lastKnownFileType = text.plist.xml; path = Info.plist; sourceTree = "<group>"; };
		52117D83251B8B0C002AC97B /* UserView.swift */ = {isa = PBXFileReference; lastKnownFileType = sourcecode.swift; path = UserView.swift; sourceTree = "<group>"; };
		52AD67EE251CD7FC002C06EC /* User+CoreDataClass.swift */ = {isa = PBXFileReference; lastKnownFileType = sourcecode.swift; path = "User+CoreDataClass.swift"; sourceTree = SOURCE_ROOT; };
		52AD67EF251CD7FC002C06EC /* User+CoreDataProperties.swift */ = {isa = PBXFileReference; lastKnownFileType = sourcecode.swift; path = "User+CoreDataProperties.swift"; sourceTree = SOURCE_ROOT; };
		52AD67F0251CD7FC002C06EC /* Friend+CoreDataClass.swift */ = {isa = PBXFileReference; lastKnownFileType = sourcecode.swift; path = "Friend+CoreDataClass.swift"; sourceTree = SOURCE_ROOT; };
		52AD67F1251CD7FC002C06EC /* Friend+CoreDataProperties.swift */ = {isa = PBXFileReference; lastKnownFileType = sourcecode.swift; path = "Friend+CoreDataProperties.swift"; sourceTree = SOURCE_ROOT; };
		52AD67F2251CD7FC002C06EC /* Tag+CoreDataClass.swift */ = {isa = PBXFileReference; lastKnownFileType = sourcecode.swift; path = "Tag+CoreDataClass.swift"; sourceTree = SOURCE_ROOT; };
		52AD67F3251CD7FC002C06EC /* Tag+CoreDataProperties.swift */ = {isa = PBXFileReference; lastKnownFileType = sourcecode.swift; path = "Tag+CoreDataProperties.swift"; sourceTree = SOURCE_ROOT; };
/* End PBXFileReference section */

/* Begin PBXFrameworksBuildPhase section */
		52117D47251B8121002AC97B /* Frameworks */ = {
			isa = PBXFrameworksBuildPhase;
			buildActionMask = 2147483647;
			files = (
			);
			runOnlyForDeploymentPostprocessing = 0;
		};
		52117D60251B8122002AC97B /* Frameworks */ = {
			isa = PBXFrameworksBuildPhase;
			buildActionMask = 2147483647;
			files = (
			);
			runOnlyForDeploymentPostprocessing = 0;
		};
		52117D6B251B8122002AC97B /* Frameworks */ = {
			isa = PBXFrameworksBuildPhase;
			buildActionMask = 2147483647;
			files = (
			);
			runOnlyForDeploymentPostprocessing = 0;
		};
/* End PBXFrameworksBuildPhase section */

/* Begin PBXGroup section */
		52117D41251B8121002AC97B = {
			isa = PBXGroup;
			children = (
				52117D4C251B8121002AC97B /* FriendFace */,
				52117D66251B8122002AC97B /* FriendFaceTests */,
				52117D71251B8122002AC97B /* FriendFaceUITests */,
				52117D4B251B8121002AC97B /* Products */,
			);
			sourceTree = "<group>";
		};
		52117D4B251B8121002AC97B /* Products */ = {
			isa = PBXGroup;
			children = (
				52117D4A251B8121002AC97B /* FriendFace.app */,
				52117D63251B8122002AC97B /* FriendFaceTests.xctest */,
				52117D6E251B8122002AC97B /* FriendFaceUITests.xctest */,
			);
			name = Products;
			sourceTree = "<group>";
		};
		52117D4C251B8121002AC97B /* FriendFace */ = {
			isa = PBXGroup;
			children = (
				52AD67EE251CD7FC002C06EC /* User+CoreDataClass.swift */,
				52AD67EF251CD7FC002C06EC /* User+CoreDataProperties.swift */,
				52AD67F0251CD7FC002C06EC /* Friend+CoreDataClass.swift */,
				52AD67F1251CD7FC002C06EC /* Friend+CoreDataProperties.swift */,
				52AD67F2251CD7FC002C06EC /* Tag+CoreDataClass.swift */,
				52AD67F3251CD7FC002C06EC /* Tag+CoreDataProperties.swift */,
				52117D4D251B8121002AC97B /* AppDelegate.swift */,
				52117D4F251B8121002AC97B /* SceneDelegate.swift */,
				52117D51251B8121002AC97B /* ContentView.swift */,
				52117D83251B8B0C002AC97B /* UserView.swift */,
				52117D56251B8122002AC97B /* Assets.xcassets */,
				52117D5B251B8122002AC97B /* LaunchScreen.storyboard */,
				52117D5E251B8122002AC97B /* Info.plist */,
				52117D53251B8121002AC97B /* FriendFace.xcdatamodeld */,
				52117D58251B8122002AC97B /* Preview Content */,
			);
			path = FriendFace;
			sourceTree = "<group>";
		};
		52117D58251B8122002AC97B /* Preview Content */ = {
			isa = PBXGroup;
			children = (
				52117D59251B8122002AC97B /* Preview Assets.xcassets */,
			);
			path = "Preview Content";
			sourceTree = "<group>";
		};
		52117D66251B8122002AC97B /* FriendFaceTests */ = {
			isa = PBXGroup;
			children = (
				52117D67251B8122002AC97B /* FriendFaceTests.swift */,
				52117D69251B8122002AC97B /* Info.plist */,
			);
			path = FriendFaceTests;
			sourceTree = "<group>";
		};
		52117D71251B8122002AC97B /* FriendFaceUITests */ = {
			isa = PBXGroup;
			children = (
				52117D72251B8122002AC97B /* FriendFaceUITests.swift */,
				52117D74251B8122002AC97B /* Info.plist */,
			);
			path = FriendFaceUITests;
			sourceTree = "<group>";
		};
/* End PBXGroup section */

/* Begin PBXNativeTarget section */
		52117D49251B8121002AC97B /* FriendFace */ = {
			isa = PBXNativeTarget;
			buildConfigurationList = 52117D77251B8122002AC97B /* Build configuration list for PBXNativeTarget "FriendFace" */;
			buildPhases = (
				52117D46251B8121002AC97B /* Sources */,
				52117D47251B8121002AC97B /* Frameworks */,
				52117D48251B8121002AC97B /* Resources */,
			);
			buildRules = (
			);
			dependencies = (
			);
			name = FriendFace;
			productName = FriendFace;
			productReference = 52117D4A251B8121002AC97B /* FriendFace.app */;
			productType = "com.apple.product-type.application";
		};
		52117D62251B8122002AC97B /* FriendFaceTests */ = {
			isa = PBXNativeTarget;
			buildConfigurationList = 52117D7A251B8122002AC97B /* Build configuration list for PBXNativeTarget "FriendFaceTests" */;
			buildPhases = (
				52117D5F251B8122002AC97B /* Sources */,
				52117D60251B8122002AC97B /* Frameworks */,
				52117D61251B8122002AC97B /* Resources */,
			);
			buildRules = (
			);
			dependencies = (
				52117D65251B8122002AC97B /* PBXTargetDependency */,
			);
			name = FriendFaceTests;
			productName = FriendFaceTests;
			productReference = 52117D63251B8122002AC97B /* FriendFaceTests.xctest */;
			productType = "com.apple.product-type.bundle.unit-test";
		};
		52117D6D251B8122002AC97B /* FriendFaceUITests */ = {
			isa = PBXNativeTarget;
			buildConfigurationList = 52117D7D251B8122002AC97B /* Build configuration list for PBXNativeTarget "FriendFaceUITests" */;
			buildPhases = (
				52117D6A251B8122002AC97B /* Sources */,
				52117D6B251B8122002AC97B /* Frameworks */,
				52117D6C251B8122002AC97B /* Resources */,
			);
			buildRules = (
			);
			dependencies = (
				52117D70251B8122002AC97B /* PBXTargetDependency */,
			);
			name = FriendFaceUITests;
			productName = FriendFaceUITests;
			productReference = 52117D6E251B8122002AC97B /* FriendFaceUITests.xctest */;
			productType = "com.apple.product-type.bundle.ui-testing";
		};
/* End PBXNativeTarget section */

/* Begin PBXProject section */
		52117D42251B8121002AC97B /* Project object */ = {
			isa = PBXProject;
			attributes = {
				LastSwiftUpdateCheck = 1200;
				LastUpgradeCheck = 1200;
				TargetAttributes = {
					52117D49251B8121002AC97B = {
						CreatedOnToolsVersion = 12.0;
					};
					52117D62251B8122002AC97B = {
						CreatedOnToolsVersion = 12.0;
						TestTargetID = 52117D49251B8121002AC97B;
					};
					52117D6D251B8122002AC97B = {
						CreatedOnToolsVersion = 12.0;
						TestTargetID = 52117D49251B8121002AC97B;
					};
				};
			};
			buildConfigurationList = 52117D45251B8121002AC97B /* Build configuration list for PBXProject "FriendFace" */;
			compatibilityVersion = "Xcode 9.3";
			developmentRegion = en;
			hasScannedForEncodings = 0;
			knownRegions = (
				en,
				Base,
			);
			mainGroup = 52117D41251B8121002AC97B;
			productRefGroup = 52117D4B251B8121002AC97B /* Products */;
			projectDirPath = "";
			projectRoot = "";
			targets = (
				52117D49251B8121002AC97B /* FriendFace */,
				52117D62251B8122002AC97B /* FriendFaceTests */,
				52117D6D251B8122002AC97B /* FriendFaceUITests */,
			);
		};
/* End PBXProject section */

/* Begin PBXResourcesBuildPhase section */
		52117D48251B8121002AC97B /* Resources */ = {
			isa = PBXResourcesBuildPhase;
			buildActionMask = 2147483647;
			files = (
				52117D5D251B8122002AC97B /* LaunchScreen.storyboard in Resources */,
				52117D5A251B8122002AC97B /* Preview Assets.xcassets in Resources */,
				52117D57251B8122002AC97B /* Assets.xcassets in Resources */,
			);
			runOnlyForDeploymentPostprocessing = 0;
		};
		52117D61251B8122002AC97B /* Resources */ = {
			isa = PBXResourcesBuildPhase;
			buildActionMask = 2147483647;
			files = (
			);
			runOnlyForDeploymentPostprocessing = 0;
		};
		52117D6C251B8122002AC97B /* Resources */ = {
			isa = PBXResourcesBuildPhase;
			buildActionMask = 2147483647;
			files = (
			);
			runOnlyForDeploymentPostprocessing = 0;
		};
/* End PBXResourcesBuildPhase section */

/* Begin PBXSourcesBuildPhase section */
		52117D46251B8121002AC97B /* Sources */ = {
			isa = PBXSourcesBuildPhase;
			buildActionMask = 2147483647;
			files = (
				52AD67F8251CD7FC002C06EC /* Tag+CoreDataClass.swift in Sources */,
				52117D4E251B8121002AC97B /* AppDelegate.swift in Sources */,
				52AD67F6251CD7FC002C06EC /* Friend+CoreDataClass.swift in Sources */,
				52AD67F7251CD7FC002C06EC /* Friend+CoreDataProperties.swift in Sources */,
				52117D50251B8121002AC97B /* SceneDelegate.swift in Sources */,
				52AD67F4251CD7FC002C06EC /* User+CoreDataClass.swift in Sources */,
				52AD67F5251CD7FC002C06EC /* User+CoreDataProperties.swift in Sources */,
				52AD67F9251CD7FC002C06EC /* Tag+CoreDataProperties.swift in Sources */,
				52117D84251B8B0C002AC97B /* UserView.swift in Sources */,
				52117D55251B8121002AC97B /* FriendFace.xcdatamodeld in Sources */,
				52117D52251B8121002AC97B /* ContentView.swift in Sources */,
			);
			runOnlyForDeploymentPostprocessing = 0;
		};
		52117D5F251B8122002AC97B /* Sources */ = {
			isa = PBXSourcesBuildPhase;
			buildActionMask = 2147483647;
			files = (
				52117D68251B8122002AC97B /* FriendFaceTests.swift in Sources */,
			);
			runOnlyForDeploymentPostprocessing = 0;
		};
		52117D6A251B8122002AC97B /* Sources */ = {
			isa = PBXSourcesBuildPhase;
			buildActionMask = 2147483647;
			files = (
				52117D73251B8122002AC97B /* FriendFaceUITests.swift in Sources */,
			);
			runOnlyForDeploymentPostprocessing = 0;
		};
/* End PBXSourcesBuildPhase section */

/* Begin PBXTargetDependency section */
		52117D65251B8122002AC97B /* PBXTargetDependency */ = {
			isa = PBXTargetDependency;
			target = 52117D49251B8121002AC97B /* FriendFace */;
			targetProxy = 52117D64251B8122002AC97B /* PBXContainerItemProxy */;
		};
		52117D70251B8122002AC97B /* PBXTargetDependency */ = {
			isa = PBXTargetDependency;
			target = 52117D49251B8121002AC97B /* FriendFace */;
			targetProxy = 52117D6F251B8122002AC97B /* PBXContainerItemProxy */;
		};
/* End PBXTargetDependency section */

/* Begin PBXVariantGroup section */
		52117D5B251B8122002AC97B /* LaunchScreen.storyboard */ = {
			isa = PBXVariantGroup;
			children = (
				52117D5C251B8122002AC97B /* Base */,
			);
			name = LaunchScreen.storyboard;
			sourceTree = "<group>";
		};
/* End PBXVariantGroup section */

/* Begin XCBuildConfiguration section */
		52117D75251B8122002AC97B /* Debug */ = {
			isa = XCBuildConfiguration;
			buildSettings = {
				ALWAYS_SEARCH_USER_PATHS = NO;
				CLANG_ANALYZER_NONNULL = YES;
				CLANG_ANALYZER_NUMBER_OBJECT_CONVERSION = YES_AGGRESSIVE;
				CLANG_CXX_LANGUAGE_STANDARD = "gnu++14";
				CLANG_CXX_LIBRARY = "libc++";
				CLANG_ENABLE_MODULES = YES;
				CLANG_ENABLE_OBJC_ARC = YES;
				CLANG_ENABLE_OBJC_WEAK = YES;
				CLANG_WARN_BLOCK_CAPTURE_AUTORELEASING = YES;
				CLANG_WARN_BOOL_CONVERSION = YES;
				CLANG_WARN_COMMA = YES;
				CLANG_WARN_CONSTANT_CONVERSION = YES;
				CLANG_WARN_DEPRECATED_OBJC_IMPLEMENTATIONS = YES;
				CLANG_WARN_DIRECT_OBJC_ISA_USAGE = YES_ERROR;
				CLANG_WARN_DOCUMENTATION_COMMENTS = YES;
				CLANG_WARN_EMPTY_BODY = YES;
				CLANG_WARN_ENUM_CONVERSION = YES;
				CLANG_WARN_INFINITE_RECURSION = YES;
				CLANG_WARN_INT_CONVERSION = YES;
				CLANG_WARN_NON_LITERAL_NULL_CONVERSION = YES;
				CLANG_WARN_OBJC_IMPLICIT_RETAIN_SELF = YES;
				CLANG_WARN_OBJC_LITERAL_CONVERSION = YES;
				CLANG_WARN_OBJC_ROOT_CLASS = YES_ERROR;
				CLANG_WARN_QUOTED_INCLUDE_IN_FRAMEWORK_HEADER = YES;
				CLANG_WARN_RANGE_LOOP_ANALYSIS = YES;
				CLANG_WARN_STRICT_PROTOTYPES = YES;
				CLANG_WARN_SUSPICIOUS_MOVE = YES;
				CLANG_WARN_UNGUARDED_AVAILABILITY = YES_AGGRESSIVE;
				CLANG_WARN_UNREACHABLE_CODE = YES;
				CLANG_WARN__DUPLICATE_METHOD_MATCH = YES;
				COPY_PHASE_STRIP = NO;
				DEBUG_INFORMATION_FORMAT = dwarf;
				ENABLE_STRICT_OBJC_MSGSEND = YES;
				ENABLE_TESTABILITY = YES;
				GCC_C_LANGUAGE_STANDARD = gnu11;
				GCC_DYNAMIC_NO_PIC = NO;
				GCC_NO_COMMON_BLOCKS = YES;
				GCC_OPTIMIZATION_LEVEL = 0;
				GCC_PREPROCESSOR_DEFINITIONS = (
					"DEBUG=1",
					"$(inherited)",
				);
				GCC_WARN_64_TO_32_BIT_CONVERSION = YES;
				GCC_WARN_ABOUT_RETURN_TYPE = YES_ERROR;
				GCC_WARN_UNDECLARED_SELECTOR = YES;
				GCC_WARN_UNINITIALIZED_AUTOS = YES_AGGRESSIVE;
				GCC_WARN_UNUSED_FUNCTION = YES;
				GCC_WARN_UNUSED_VARIABLE = YES;
				IPHONEOS_DEPLOYMENT_TARGET = 14.0;
				MTL_ENABLE_DEBUG_INFO = INCLUDE_SOURCE;
				MTL_FAST_MATH = YES;
				ONLY_ACTIVE_ARCH = YES;
				SDKROOT = iphoneos;
				SWIFT_ACTIVE_COMPILATION_CONDITIONS = DEBUG;
				SWIFT_OPTIMIZATION_LEVEL = "-Onone";
			};
			name = Debug;
		};
		52117D76251B8122002AC97B /* Release */ = {
			isa = XCBuildConfiguration;
			buildSettings = {
				ALWAYS_SEARCH_USER_PATHS = NO;
				CLANG_ANALYZER_NONNULL = YES;
				CLANG_ANALYZER_NUMBER_OBJECT_CONVERSION = YES_AGGRESSIVE;
				CLANG_CXX_LANGUAGE_STANDARD = "gnu++14";
				CLANG_CXX_LIBRARY = "libc++";
				CLANG_ENABLE_MODULES = YES;
				CLANG_ENABLE_OBJC_ARC = YES;
				CLANG_ENABLE_OBJC_WEAK = YES;
				CLANG_WARN_BLOCK_CAPTURE_AUTORELEASING = YES;
				CLANG_WARN_BOOL_CONVERSION = YES;
				CLANG_WARN_COMMA = YES;
				CLANG_WARN_CONSTANT_CONVERSION = YES;
				CLANG_WARN_DEPRECATED_OBJC_IMPLEMENTATIONS = YES;
				CLANG_WARN_DIRECT_OBJC_ISA_USAGE = YES_ERROR;
				CLANG_WARN_DOCUMENTATION_COMMENTS = YES;
				CLANG_WARN_EMPTY_BODY = YES;
				CLANG_WARN_ENUM_CONVERSION = YES;
				CLANG_WARN_INFINITE_RECURSION = YES;
				CLANG_WARN_INT_CONVERSION = YES;
				CLANG_WARN_NON_LITERAL_NULL_CONVERSION = YES;
				CLANG_WARN_OBJC_IMPLICIT_RETAIN_SELF = YES;
				CLANG_WARN_OBJC_LITERAL_CONVERSION = YES;
				CLANG_WARN_OBJC_ROOT_CLASS = YES_ERROR;
				CLANG_WARN_QUOTED_INCLUDE_IN_FRAMEWORK_HEADER = YES;
				CLANG_WARN_RANGE_LOOP_ANALYSIS = YES;
				CLANG_WARN_STRICT_PROTOTYPES = YES;
				CLANG_WARN_SUSPICIOUS_MOVE = YES;
				CLANG_WARN_UNGUARDED_AVAILABILITY = YES_AGGRESSIVE;
				CLANG_WARN_UNREACHABLE_CODE = YES;
				CLANG_WARN__DUPLICATE_METHOD_MATCH = YES;
				COPY_PHASE_STRIP = NO;
				DEBUG_INFORMATION_FORMAT = "dwarf-with-dsym";
				ENABLE_NS_ASSERTIONS = NO;
				ENABLE_STRICT_OBJC_MSGSEND = YES;
				GCC_C_LANGUAGE_STANDARD = gnu11;
				GCC_NO_COMMON_BLOCKS = YES;
				GCC_WARN_64_TO_32_BIT_CONVERSION = YES;
				GCC_WARN_ABOUT_RETURN_TYPE = YES_ERROR;
				GCC_WARN_UNDECLARED_SELECTOR = YES;
				GCC_WARN_UNINITIALIZED_AUTOS = YES_AGGRESSIVE;
				GCC_WARN_UNUSED_FUNCTION = YES;
				GCC_WARN_UNUSED_VARIABLE = YES;
				IPHONEOS_DEPLOYMENT_TARGET = 14.0;
				MTL_ENABLE_DEBUG_INFO = NO;
				MTL_FAST_MATH = YES;
				SDKROOT = iphoneos;
				SWIFT_COMPILATION_MODE = wholemodule;
				SWIFT_OPTIMIZATION_LEVEL = "-O";
				VALIDATE_PRODUCT = YES;
			};
			name = Release;
		};
		52117D78251B8122002AC97B /* Debug */ = {
			isa = XCBuildConfiguration;
			buildSettings = {
				ASSETCATALOG_COMPILER_APPICON_NAME = AppIcon;
				ASSETCATALOG_COMPILER_GLOBAL_ACCENT_COLOR_NAME = AccentColor;
				CODE_SIGN_STYLE = Automatic;
				DEVELOPMENT_ASSET_PATHS = "\"FriendFace/Preview Content\"";
				DEVELOPMENT_TEAM = PM9A36DEYH;
				ENABLE_PREVIEWS = YES;
				INFOPLIST_FILE = FriendFace/Info.plist;
				LD_RUNPATH_SEARCH_PATHS = (
					"$(inherited)",
					"@executable_path/Frameworks",
				);
				PRODUCT_BUNDLE_IDENTIFIER = com.ginger.FriendFace;
				PRODUCT_NAME = "$(TARGET_NAME)";
				SWIFT_VERSION = 5.0;
				TARGETED_DEVICE_FAMILY = "1,2";
			};
			name = Debug;
		};
		52117D79251B8122002AC97B /* Release */ = {
			isa = XCBuildConfiguration;
			buildSettings = {
				ASSETCATALOG_COMPILER_APPICON_NAME = AppIcon;
				ASSETCATALOG_COMPILER_GLOBAL_ACCENT_COLOR_NAME = AccentColor;
				CODE_SIGN_STYLE = Automatic;
				DEVELOPMENT_ASSET_PATHS = "\"FriendFace/Preview Content\"";
				DEVELOPMENT_TEAM = PM9A36DEYH;
				ENABLE_PREVIEWS = YES;
				INFOPLIST_FILE = FriendFace/Info.plist;
				LD_RUNPATH_SEARCH_PATHS = (
					"$(inherited)",
					"@executable_path/Frameworks",
				);
				PRODUCT_BUNDLE_IDENTIFIER = com.ginger.FriendFace;
				PRODUCT_NAME = "$(TARGET_NAME)";
				SWIFT_VERSION = 5.0;
				TARGETED_DEVICE_FAMILY = "1,2";
			};
			name = Release;
		};
		52117D7B251B8122002AC97B /* Debug */ = {
			isa = XCBuildConfiguration;
			buildSettings = {
				ALWAYS_EMBED_SWIFT_STANDARD_LIBRARIES = YES;
				BUNDLE_LOADER = "$(TEST_HOST)";
				CODE_SIGN_STYLE = Automatic;
				DEVELOPMENT_TEAM = PM9A36DEYH;
				INFOPLIST_FILE = FriendFaceTests/Info.plist;
				IPHONEOS_DEPLOYMENT_TARGET = 14.0;
				LD_RUNPATH_SEARCH_PATHS = (
					"$(inherited)",
					"@executable_path/Frameworks",
					"@loader_path/Frameworks",
				);
				PRODUCT_BUNDLE_IDENTIFIER = com.ginger.FriendFaceTests;
				PRODUCT_NAME = "$(TARGET_NAME)";
				SWIFT_VERSION = 5.0;
				TARGETED_DEVICE_FAMILY = "1,2";
				TEST_HOST = "$(BUILT_PRODUCTS_DIR)/FriendFace.app/FriendFace";
			};
			name = Debug;
		};
		52117D7C251B8122002AC97B /* Release */ = {
			isa = XCBuildConfiguration;
			buildSettings = {
				ALWAYS_EMBED_SWIFT_STANDARD_LIBRARIES = YES;
				BUNDLE_LOADER = "$(TEST_HOST)";
				CODE_SIGN_STYLE = Automatic;
				DEVELOPMENT_TEAM = PM9A36DEYH;
				INFOPLIST_FILE = FriendFaceTests/Info.plist;
				IPHONEOS_DEPLOYMENT_TARGET = 14.0;
				LD_RUNPATH_SEARCH_PATHS = (
					"$(inherited)",
					"@executable_path/Frameworks",
					"@loader_path/Frameworks",
				);
				PRODUCT_BUNDLE_IDENTIFIER = com.ginger.FriendFaceTests;
				PRODUCT_NAME = "$(TARGET_NAME)";
				SWIFT_VERSION = 5.0;
				TARGETED_DEVICE_FAMILY = "1,2";
				TEST_HOST = "$(BUILT_PRODUCTS_DIR)/FriendFace.app/FriendFace";
			};
			name = Release;
		};
		52117D7E251B8122002AC97B /* Debug */ = {
			isa = XCBuildConfiguration;
			buildSettings = {
				ALWAYS_EMBED_SWIFT_STANDARD_LIBRARIES = YES;
				CODE_SIGN_STYLE = Automatic;
				DEVELOPMENT_TEAM = PM9A36DEYH;
				INFOPLIST_FILE = FriendFaceUITests/Info.plist;
				LD_RUNPATH_SEARCH_PATHS = (
					"$(inherited)",
					"@executable_path/Frameworks",
					"@loader_path/Frameworks",
				);
				PRODUCT_BUNDLE_IDENTIFIER = com.ginger.FriendFaceUITests;
				PRODUCT_NAME = "$(TARGET_NAME)";
				SWIFT_VERSION = 5.0;
				TARGETED_DEVICE_FAMILY = "1,2";
				TEST_TARGET_NAME = FriendFace;
			};
			name = Debug;
		};
		52117D7F251B8122002AC97B /* Release */ = {
			isa = XCBuildConfiguration;
			buildSettings = {
				ALWAYS_EMBED_SWIFT_STANDARD_LIBRARIES = YES;
				CODE_SIGN_STYLE = Automatic;
				DEVELOPMENT_TEAM = PM9A36DEYH;
				INFOPLIST_FILE = FriendFaceUITests/Info.plist;
				LD_RUNPATH_SEARCH_PATHS = (
					"$(inherited)",
					"@executable_path/Frameworks",
					"@loader_path/Frameworks",
				);
				PRODUCT_BUNDLE_IDENTIFIER = com.ginger.FriendFaceUITests;
				PRODUCT_NAME = "$(TARGET_NAME)";
				SWIFT_VERSION = 5.0;
				TARGETED_DEVICE_FAMILY = "1,2";
				TEST_TARGET_NAME = FriendFace;
			};
			name = Release;
		};
/* End XCBuildConfiguration section */

/* Begin XCConfigurationList section */
		52117D45251B8121002AC97B /* Build configuration list for PBXProject "FriendFace" */ = {
			isa = XCConfigurationList;
			buildConfigurations = (
				52117D75251B8122002AC97B /* Debug */,
				52117D76251B8122002AC97B /* Release */,
			);
			defaultConfigurationIsVisible = 0;
			defaultConfigurationName = Release;
		};
		52117D77251B8122002AC97B /* Build configuration list for PBXNativeTarget "FriendFace" */ = {
			isa = XCConfigurationList;
			buildConfigurations = (
				52117D78251B8122002AC97B /* Debug */,
				52117D79251B8122002AC97B /* Release */,
			);
			defaultConfigurationIsVisible = 0;
			defaultConfigurationName = Release;
		};
		52117D7A251B8122002AC97B /* Build configuration list for PBXNativeTarget "FriendFaceTests" */ = {
			isa = XCConfigurationList;
			buildConfigurations = (
				52117D7B251B8122002AC97B /* Debug */,
				52117D7C251B8122002AC97B /* Release */,
			);
			defaultConfigurationIsVisible = 0;
			defaultConfigurationName = Release;
		};
		52117D7D251B8122002AC97B /* Build configuration list for PBXNativeTarget "FriendFaceUITests" */ = {
			isa = XCConfigurationList;
			buildConfigurations = (
				52117D7E251B8122002AC97B /* Debug */,
				52117D7F251B8122002AC97B /* Release */,
			);
			defaultConfigurationIsVisible = 0;
			defaultConfigurationName = Release;
		};
/* End XCConfigurationList section */

/* Begin XCVersionGroup section */
		52117D53251B8121002AC97B /* FriendFace.xcdatamodeld */ = {
			isa = XCVersionGroup;
			children = (
				52117D54251B8121002AC97B /* FriendFace.xcdatamodel */,
			);
			currentVersion = 52117D54251B8121002AC97B /* FriendFace.xcdatamodel */;
			path = FriendFace.xcdatamodeld;
			sourceTree = "<group>";
			versionGroupType = wrapper.xcdatamodel;
		};
/* End XCVersionGroup section */
	};
	rootObject = 52117D42251B8121002AC97B /* Project object */;
}
