// !$*UTF8*$!
{
	archiveVersion = 1;
	classes = {
	};
	objectVersion = 50;
	objects = {

/* Begin PBXBuildFile section */
		5207AFBF2520C3890058C666 /* AppDelegate.swift in Sources */ = {isa = PBXBuildFile; fileRef = 5207AFBE2520C3890058C666 /* AppDelegate.swift */; };
		5207AFC12520C38A0058C666 /* SceneDelegate.swift in Sources */ = {isa = PBXBuildFile; fileRef = 5207AFC02520C38A0058C666 /* SceneDelegate.swift */; };
		5207AFC32520C38A0058C666 /* ContentView.swift in Sources */ = {isa = PBXBuildFile; fileRef = 5207AFC22520C38A0058C666 /* ContentView.swift */; };
		5207AFC52520C38B0058C666 /* Assets.xcassets in Resources */ = {isa = PBXBuildFile; fileRef = 5207AFC42520C38B0058C666 /* Assets.xcassets */; };
		5207AFC82520C38B0058C666 /* Preview Assets.xcassets in Resources */ = {isa = PBXBuildFile; fileRef = 5207AFC72520C38B0058C666 /* Preview Assets.xcassets */; };
		5207AFCB2520C38B0058C666 /* LaunchScreen.storyboard in Resources */ = {isa = PBXBuildFile; fileRef = 5207AFC92520C38B0058C666 /* LaunchScreen.storyboard */; };
		5207AFD62520C38B0058C666 /* BucketListTests.swift in Sources */ = {isa = PBXBuildFile; fileRef = 5207AFD52520C38B0058C666 /* BucketListTests.swift */; };
		5207AFE12520C38B0058C666 /* BucketListUITests.swift in Sources */ = {isa = PBXBuildFile; fileRef = 5207AFE02520C38B0058C666 /* BucketListUITests.swift */; };
		5207AFF22520C9D50058C666 /* FileManager-Decodable.swift in Sources */ = {isa = PBXBuildFile; fileRef = 5207AFF12520C9D50058C666 /* FileManager-Decodable.swift */; };
		5221F82225238A7F00321126 /* MKPointAnnotation-ObservableObject.swift in Sources */ = {isa = PBXBuildFile; fileRef = 5221F82125238A7F00321126 /* MKPointAnnotation-ObservableObject.swift */; };
		5221F82725238B1700321126 /* EditView.swift in Sources */ = {isa = PBXBuildFile; fileRef = 5221F82625238B1700321126 /* EditView.swift */; };
		5221F82C25238D1E00321126 /* Result.swift in Sources */ = {isa = PBXBuildFile; fileRef = 5221F82B25238D1E00321126 /* Result.swift */; };
		526FD0AE2524B722005E9381 /* MKPointAnnotation-Codable.swift in Sources */ = {isa = PBXBuildFile; fileRef = 526FD0AD2524B722005E9381 /* MKPointAnnotation-Codable.swift */; };
		52CB21D225220B1500518A71 /* MapView.swift in Sources */ = {isa = PBXBuildFile; fileRef = 52CB21D125220B1500518A71 /* MapView.swift */; };
		52CB21D7252216D900518A71 /* TechniqueView.swift in Sources */ = {isa = PBXBuildFile; fileRef = 52CB21D6252216D900518A71 /* TechniqueView.swift */; };
/* End PBXBuildFile section */

/* Begin PBXContainerItemProxy section */
		5207AFD22520C38B0058C666 /* PBXContainerItemProxy */ = {
			isa = PBXContainerItemProxy;
			containerPortal = 5207AFB32520C3890058C666 /* Project object */;
			proxyType = 1;
			remoteGlobalIDString = 5207AFBA2520C3890058C666;
			remoteInfo = BucketList;
		};
		5207AFDD2520C38B0058C666 /* PBXContainerItemProxy */ = {
			isa = PBXContainerItemProxy;
			containerPortal = 5207AFB32520C3890058C666 /* Project object */;
			proxyType = 1;
			remoteGlobalIDString = 5207AFBA2520C3890058C666;
			remoteInfo = BucketList;
		};
/* End PBXContainerItemProxy section */

/* Begin PBXFileReference section */
		5207AFBB2520C3890058C666 /* BucketList.app */ = {isa = PBXFileReference; explicitFileType = wrapper.application; includeInIndex = 0; path = BucketList.app; sourceTree = BUILT_PRODUCTS_DIR; };
		5207AFBE2520C3890058C666 /* AppDelegate.swift */ = {isa = PBXFileReference; lastKnownFileType = sourcecode.swift; path = AppDelegate.swift; sourceTree = "<group>"; };
		5207AFC02520C38A0058C666 /* SceneDelegate.swift */ = {isa = PBXFileReference; lastKnownFileType = sourcecode.swift; path = SceneDelegate.swift; sourceTree = "<group>"; };
		5207AFC22520C38A0058C666 /* ContentView.swift */ = {isa = PBXFileReference; lastKnownFileType = sourcecode.swift; path = ContentView.swift; sourceTree = "<group>"; };
		5207AFC42520C38B0058C666 /* Assets.xcassets */ = {isa = PBXFileReference; lastKnownFileType = folder.assetcatalog; path = Assets.xcassets; sourceTree = "<group>"; };
		5207AFC72520C38B0058C666 /* Preview Assets.xcassets */ = {isa = PBXFileReference; lastKnownFileType = folder.assetcatalog; path = "Preview Assets.xcassets"; sourceTree = "<group>"; };
		5207AFCA2520C38B0058C666 /* Base */ = {isa = PBXFileReference; lastKnownFileType = file.storyboard; name = Base; path = Base.lproj/LaunchScreen.storyboard; sourceTree = "<group>"; };
		5207AFCC2520C38B0058C666 /* Info.plist */ = {isa = PBXFileReference; lastKnownFileType = text.plist.xml; path = Info.plist; sourceTree = "<group>"; };
		5207AFD12520C38B0058C666 /* BucketListTests.xctest */ = {isa = PBXFileReference; explicitFileType = wrapper.cfbundle; includeInIndex = 0; path = BucketListTests.xctest; sourceTree = BUILT_PRODUCTS_DIR; };
		5207AFD52520C38B0058C666 /* BucketListTests.swift */ = {isa = PBXFileReference; lastKnownFileType = sourcecode.swift; path = BucketListTests.swift; sourceTree = "<group>"; };
		5207AFD72520C38B0058C666 /* Info.plist */ = {isa = PBXFileReference; lastKnownFileType = text.plist.xml; path = Info.plist; sourceTree = "<group>"; };
		5207AFDC2520C38B0058C666 /* BucketListUITests.xctest */ = {isa = PBXFileReference; explicitFileType = wrapper.cfbundle; includeInIndex = 0; path = BucketListUITests.xctest; sourceTree = BUILT_PRODUCTS_DIR; };
		5207AFE02520C38B0058C666 /* BucketListUITests.swift */ = {isa = PBXFileReference; lastKnownFileType = sourcecode.swift; path = BucketListUITests.swift; sourceTree = "<group>"; };
		5207AFE22520C38B0058C666 /* Info.plist */ = {isa = PBXFileReference; lastKnownFileType = text.plist.xml; path = Info.plist; sourceTree = "<group>"; };
		5207AFF12520C9D50058C666 /* FileManager-Decodable.swift */ = {isa = PBXFileReference; lastKnownFileType = sourcecode.swift; path = "FileManager-Decodable.swift"; sourceTree = "<group>"; };
		5221F82125238A7F00321126 /* MKPointAnnotation-ObservableObject.swift */ = {isa = PBXFileReference; lastKnownFileType = sourcecode.swift; path = "MKPointAnnotation-ObservableObject.swift"; sourceTree = "<group>"; };
		5221F82625238B1700321126 /* EditView.swift */ = {isa = PBXFileReference; lastKnownFileType = sourcecode.swift; path = EditView.swift; sourceTree = "<group>"; };
		5221F82B25238D1E00321126 /* Result.swift */ = {isa = PBXFileReference; lastKnownFileType = sourcecode.swift; path = Result.swift; sourceTree = "<group>"; };
		526FD0AD2524B722005E9381 /* MKPointAnnotation-Codable.swift */ = {isa = PBXFileReference; lastKnownFileType = sourcecode.swift; path = "MKPointAnnotation-Codable.swift"; sourceTree = "<group>"; };
		52CB21D125220B1500518A71 /* MapView.swift */ = {isa = PBXFileReference; lastKnownFileType = sourcecode.swift; path = MapView.swift; sourceTree = "<group>"; };
		52CB21D6252216D900518A71 /* TechniqueView.swift */ = {isa = PBXFileReference; lastKnownFileType = sourcecode.swift; path = TechniqueView.swift; sourceTree = "<group>"; };
/* End PBXFileReference section */

/* Begin PBXFrameworksBuildPhase section */
		5207AFB82520C3890058C666 /* Frameworks */ = {
			isa = PBXFrameworksBuildPhase;
			buildActionMask = 2147483647;
			files = (
			);
			runOnlyForDeploymentPostprocessing = 0;
		};
		5207AFCE2520C38B0058C666 /* Frameworks */ = {
			isa = PBXFrameworksBuildPhase;
			buildActionMask = 2147483647;
			files = (
			);
			runOnlyForDeploymentPostprocessing = 0;
		};
		5207AFD92520C38B0058C666 /* Frameworks */ = {
			isa = PBXFrameworksBuildPhase;
			buildActionMask = 2147483647;
			files = (
			);
			runOnlyForDeploymentPostprocessing = 0;
		};
/* End PBXFrameworksBuildPhase section */

/* Begin PBXGroup section */
		5207AFB22520C3890058C666 = {
			isa = PBXGroup;
			children = (
				5207AFBD2520C3890058C666 /* BucketList */,
				5207AFD42520C38B0058C666 /* BucketListTests */,
				5207AFDF2520C38B0058C666 /* BucketListUITests */,
				5207AFBC2520C3890058C666 /* Products */,
			);
			sourceTree = "<group>";
		};
		5207AFBC2520C3890058C666 /* Products */ = {
			isa = PBXGroup;
			children = (
				5207AFBB2520C3890058C666 /* BucketList.app */,
				5207AFD12520C38B0058C666 /* BucketListTests.xctest */,
				5207AFDC2520C38B0058C666 /* BucketListUITests.xctest */,
			);
			name = Products;
			sourceTree = "<group>";
		};
		5207AFBD2520C3890058C666 /* BucketList */ = {
			isa = PBXGroup;
			children = (
				5207AFBE2520C3890058C666 /* AppDelegate.swift */,
				5207AFC02520C38A0058C666 /* SceneDelegate.swift */,
				52CB21D125220B1500518A71 /* MapView.swift */,
				5221F82125238A7F00321126 /* MKPointAnnotation-ObservableObject.swift */,
				5221F82B25238D1E00321126 /* Result.swift */,
				5221F82625238B1700321126 /* EditView.swift */,
				526FD0AD2524B722005E9381 /* MKPointAnnotation-Codable.swift */,
				5207AFC22520C38A0058C666 /* ContentView.swift */,
				52CB21D6252216D900518A71 /* TechniqueView.swift */,
				5207AFF12520C9D50058C666 /* FileManager-Decodable.swift */,
				5207AFC42520C38B0058C666 /* Assets.xcassets */,
				5207AFC92520C38B0058C666 /* LaunchScreen.storyboard */,
				5207AFCC2520C38B0058C666 /* Info.plist */,
				5207AFC62520C38B0058C666 /* Preview Content */,
			);
			path = BucketList;
			sourceTree = "<group>";
		};
		5207AFC62520C38B0058C666 /* Preview Content */ = {
			isa = PBXGroup;
			children = (
				5207AFC72520C38B0058C666 /* Preview Assets.xcassets */,
			);
			path = "Preview Content";
			sourceTree = "<group>";
		};
		5207AFD42520C38B0058C666 /* BucketListTests */ = {
			isa = PBXGroup;
			children = (
				5207AFD52520C38B0058C666 /* BucketListTests.swift */,
				5207AFD72520C38B0058C666 /* Info.plist */,
			);
			path = BucketListTests;
			sourceTree = "<group>";
		};
		5207AFDF2520C38B0058C666 /* BucketListUITests */ = {
			isa = PBXGroup;
			children = (
				5207AFE02520C38B0058C666 /* BucketListUITests.swift */,
				5207AFE22520C38B0058C666 /* Info.plist */,
			);
			path = BucketListUITests;
			sourceTree = "<group>";
		};
/* End PBXGroup section */

/* Begin PBXNativeTarget section */
		5207AFBA2520C3890058C666 /* BucketList */ = {
			isa = PBXNativeTarget;
			buildConfigurationList = 5207AFE52520C38B0058C666 /* Build configuration list for PBXNativeTarget "BucketList" */;
			buildPhases = (
				5207AFB72520C3890058C666 /* Sources */,
				5207AFB82520C3890058C666 /* Frameworks */,
				5207AFB92520C3890058C666 /* Resources */,
			);
			buildRules = (
			);
			dependencies = (
			);
			name = BucketList;
			productName = BucketList;
			productReference = 5207AFBB2520C3890058C666 /* BucketList.app */;
			productType = "com.apple.product-type.application";
		};
		5207AFD02520C38B0058C666 /* BucketListTests */ = {
			isa = PBXNativeTarget;
			buildConfigurationList = 5207AFE82520C38B0058C666 /* Build configuration list for PBXNativeTarget "BucketListTests" */;
			buildPhases = (
				5207AFCD2520C38B0058C666 /* Sources */,
				5207AFCE2520C38B0058C666 /* Frameworks */,
				5207AFCF2520C38B0058C666 /* Resources */,
			);
			buildRules = (
			);
			dependencies = (
				5207AFD32520C38B0058C666 /* PBXTargetDependency */,
			);
			name = BucketListTests;
			productName = BucketListTests;
			productReference = 5207AFD12520C38B0058C666 /* BucketListTests.xctest */;
			productType = "com.apple.product-type.bundle.unit-test";
		};
		5207AFDB2520C38B0058C666 /* BucketListUITests */ = {
			isa = PBXNativeTarget;
			buildConfigurationList = 5207AFEB2520C38B0058C666 /* Build configuration list for PBXNativeTarget "BucketListUITests" */;
			buildPhases = (
				5207AFD82520C38B0058C666 /* Sources */,
				5207AFD92520C38B0058C666 /* Frameworks */,
				5207AFDA2520C38B0058C666 /* Resources */,
			);
			buildRules = (
			);
			dependencies = (
				5207AFDE2520C38B0058C666 /* PBXTargetDependency */,
			);
			name = BucketListUITests;
			productName = BucketListUITests;
			productReference = 5207AFDC2520C38B0058C666 /* BucketListUITests.xctest */;
			productType = "com.apple.product-type.bundle.ui-testing";
		};
/* End PBXNativeTarget section */

/* Begin PBXProject section */
		5207AFB32520C3890058C666 /* Project object */ = {
			isa = PBXProject;
			attributes = {
				LastSwiftUpdateCheck = 1200;
				LastUpgradeCheck = 1200;
				TargetAttributes = {
					5207AFBA2520C3890058C666 = {
						CreatedOnToolsVersion = 12.0;
					};
					5207AFD02520C38B0058C666 = {
						CreatedOnToolsVersion = 12.0;
						TestTargetID = 5207AFBA2520C3890058C666;
					};
					5207AFDB2520C38B0058C666 = {
						CreatedOnToolsVersion = 12.0;
						TestTargetID = 5207AFBA2520C3890058C666;
					};
				};
			};
			buildConfigurationList = 5207AFB62520C3890058C666 /* Build configuration list for PBXProject "BucketList" */;
			compatibilityVersion = "Xcode 9.3";
			developmentRegion = en;
			hasScannedForEncodings = 0;
			knownRegions = (
				en,
				Base,
			);
			mainGroup = 5207AFB22520C3890058C666;
			productRefGroup = 5207AFBC2520C3890058C666 /* Products */;
			projectDirPath = "";
			projectRoot = "";
			targets = (
				5207AFBA2520C3890058C666 /* BucketList */,
				5207AFD02520C38B0058C666 /* BucketListTests */,
				5207AFDB2520C38B0058C666 /* BucketListUITests */,
			);
		};
/* End PBXProject section */

/* Begin PBXResourcesBuildPhase section */
		5207AFB92520C3890058C666 /* Resources */ = {
			isa = PBXResourcesBuildPhase;
			buildActionMask = 2147483647;
			files = (
				5207AFCB2520C38B0058C666 /* LaunchScreen.storyboard in Resources */,
				5207AFC82520C38B0058C666 /* Preview Assets.xcassets in Resources */,
				5207AFC52520C38B0058C666 /* Assets.xcassets in Resources */,
			);
			runOnlyForDeploymentPostprocessing = 0;
		};
		5207AFCF2520C38B0058C666 /* Resources */ = {
			isa = PBXResourcesBuildPhase;
			buildActionMask = 2147483647;
			files = (
			);
			runOnlyForDeploymentPostprocessing = 0;
		};
		5207AFDA2520C38B0058C666 /* Resources */ = {
			isa = PBXResourcesBuildPhase;
			buildActionMask = 2147483647;
			files = (
			);
			runOnlyForDeploymentPostprocessing = 0;
		};
/* End PBXResourcesBuildPhase section */

/* Begin PBXSourcesBuildPhase section */
		5207AFB72520C3890058C666 /* Sources */ = {
			isa = PBXSourcesBuildPhase;
			buildActionMask = 2147483647;
			files = (
				5221F82C25238D1E00321126 /* Result.swift in Sources */,
				5207AFBF2520C3890058C666 /* AppDelegate.swift in Sources */,
				5207AFC12520C38A0058C666 /* SceneDelegate.swift in Sources */,
				5221F82725238B1700321126 /* EditView.swift in Sources */,
				5221F82225238A7F00321126 /* MKPointAnnotation-ObservableObject.swift in Sources */,
				52CB21D225220B1500518A71 /* MapView.swift in Sources */,
				526FD0AE2524B722005E9381 /* MKPointAnnotation-Codable.swift in Sources */,
				5207AFC32520C38A0058C666 /* ContentView.swift in Sources */,
				5207AFF22520C9D50058C666 /* FileManager-Decodable.swift in Sources */,
				52CB21D7252216D900518A71 /* TechniqueView.swift in Sources */,
			);
			runOnlyForDeploymentPostprocessing = 0;
		};
		5207AFCD2520C38B0058C666 /* Sources */ = {
			isa = PBXSourcesBuildPhase;
			buildActionMask = 2147483647;
			files = (
				5207AFD62520C38B0058C666 /* BucketListTests.swift in Sources */,
			);
			runOnlyForDeploymentPostprocessing = 0;
		};
		5207AFD82520C38B0058C666 /* Sources */ = {
			isa = PBXSourcesBuildPhase;
			buildActionMask = 2147483647;
			files = (
				5207AFE12520C38B0058C666 /* BucketListUITests.swift in Sources */,
			);
			runOnlyForDeploymentPostprocessing = 0;
		};
/* End PBXSourcesBuildPhase section */

/* Begin PBXTargetDependency section */
		5207AFD32520C38B0058C666 /* PBXTargetDependency */ = {
			isa = PBXTargetDependency;
			target = 5207AFBA2520C3890058C666 /* BucketList */;
			targetProxy = 5207AFD22520C38B0058C666 /* PBXContainerItemProxy */;
		};
		5207AFDE2520C38B0058C666 /* PBXTargetDependency */ = {
			isa = PBXTargetDependency;
			target = 5207AFBA2520C3890058C666 /* BucketList */;
			targetProxy = 5207AFDD2520C38B0058C666 /* PBXContainerItemProxy */;
		};
/* End PBXTargetDependency section */

/* Begin PBXVariantGroup section */
		5207AFC92520C38B0058C666 /* LaunchScreen.storyboard */ = {
			isa = PBXVariantGroup;
			children = (
				5207AFCA2520C38B0058C666 /* Base */,
			);
			name = LaunchScreen.storyboard;
			sourceTree = "<group>";
		};
/* End PBXVariantGroup section */

/* Begin XCBuildConfiguration section */
		5207AFE32520C38B0058C666 /* Debug */ = {
			isa = XCBuildConfiguration;
			buildSettings = {
				ALWAYS_SEARCH_USER_PATHS = NO;
				CLANG_ANALYZER_NONNULL = YES;
				CLANG_ANALYZER_NUMBER_OBJECT_CONVERSION = YES_AGGRESSIVE;
				CLANG_CXX_LANGUAGE_STANDARD = "gnu++14";
				CLANG_CXX_LIBRARY = "libc++";
				CLANG_ENABLE_MODULES = YES;
				CLANG_ENABLE_OBJC_ARC = YES;
				CLANG_ENABLE_OBJC_WEAK = YES;
				CLANG_WARN_BLOCK_CAPTURE_AUTORELEASING = YES;
				CLANG_WARN_BOOL_CONVERSION = YES;
				CLANG_WARN_COMMA = YES;
				CLANG_WARN_CONSTANT_CONVERSION = YES;
				CLANG_WARN_DEPRECATED_OBJC_IMPLEMENTATIONS = YES;
				CLANG_WARN_DIRECT_OBJC_ISA_USAGE = YES_ERROR;
				CLANG_WARN_DOCUMENTATION_COMMENTS = YES;
				CLANG_WARN_EMPTY_BODY = YES;
				CLANG_WARN_ENUM_CONVERSION = YES;
				CLANG_WARN_INFINITE_RECURSION = YES;
				CLANG_WARN_INT_CONVERSION = YES;
				CLANG_WARN_NON_LITERAL_NULL_CONVERSION = YES;
				CLANG_WARN_OBJC_IMPLICIT_RETAIN_SELF = YES;
				CLANG_WARN_OBJC_LITERAL_CONVERSION = YES;
				CLANG_WARN_OBJC_ROOT_CLASS = YES_ERROR;
				CLANG_WARN_QUOTED_INCLUDE_IN_FRAMEWORK_HEADER = YES;
				CLANG_WARN_RANGE_LOOP_ANALYSIS = YES;
				CLANG_WARN_STRICT_PROTOTYPES = YES;
				CLANG_WARN_SUSPICIOUS_MOVE = YES;
				CLANG_WARN_UNGUARDED_AVAILABILITY = YES_AGGRESSIVE;
				CLANG_WARN_UNREACHABLE_CODE = YES;
				CLANG_WARN__DUPLICATE_METHOD_MATCH = YES;
				COPY_PHASE_STRIP = NO;
				DEBUG_INFORMATION_FORMAT = dwarf;
				ENABLE_STRICT_OBJC_MSGSEND = YES;
				ENABLE_TESTABILITY = YES;
				GCC_C_LANGUAGE_STANDARD = gnu11;
				GCC_DYNAMIC_NO_PIC = NO;
				GCC_NO_COMMON_BLOCKS = YES;
				GCC_OPTIMIZATION_LEVEL = 0;
				GCC_PREPROCESSOR_DEFINITIONS = (
					"DEBUG=1",
					"$(inherited)",
				);
				GCC_WARN_64_TO_32_BIT_CONVERSION = YES;
				GCC_WARN_ABOUT_RETURN_TYPE = YES_ERROR;
				GCC_WARN_UNDECLARED_SELECTOR = YES;
				GCC_WARN_UNINITIALIZED_AUTOS = YES_AGGRESSIVE;
				GCC_WARN_UNUSED_FUNCTION = YES;
				GCC_WARN_UNUSED_VARIABLE = YES;
				IPHONEOS_DEPLOYMENT_TARGET = 14.0;
				MTL_ENABLE_DEBUG_INFO = INCLUDE_SOURCE;
				MTL_FAST_MATH = YES;
				ONLY_ACTIVE_ARCH = YES;
				SDKROOT = iphoneos;
				SWIFT_ACTIVE_COMPILATION_CONDITIONS = DEBUG;
				SWIFT_OPTIMIZATION_LEVEL = "-Onone";
			};
			name = Debug;
		};
		5207AFE42520C38B0058C666 /* Release */ = {
			isa = XCBuildConfiguration;
			buildSettings = {
				ALWAYS_SEARCH_USER_PATHS = NO;
				CLANG_ANALYZER_NONNULL = YES;
				CLANG_ANALYZER_NUMBER_OBJECT_CONVERSION = YES_AGGRESSIVE;
				CLANG_CXX_LANGUAGE_STANDARD = "gnu++14";
				CLANG_CXX_LIBRARY = "libc++";
				CLANG_ENABLE_MODULES = YES;
				CLANG_ENABLE_OBJC_ARC = YES;
				CLANG_ENABLE_OBJC_WEAK = YES;
				CLANG_WARN_BLOCK_CAPTURE_AUTORELEASING = YES;
				CLANG_WARN_BOOL_CONVERSION = YES;
				CLANG_WARN_COMMA = YES;
				CLANG_WARN_CONSTANT_CONVERSION = YES;
				CLANG_WARN_DEPRECATED_OBJC_IMPLEMENTATIONS = YES;
				CLANG_WARN_DIRECT_OBJC_ISA_USAGE = YES_ERROR;
				CLANG_WARN_DOCUMENTATION_COMMENTS = YES;
				CLANG_WARN_EMPTY_BODY = YES;
				CLANG_WARN_ENUM_CONVERSION = YES;
				CLANG_WARN_INFINITE_RECURSION = YES;
				CLANG_WARN_INT_CONVERSION = YES;
				CLANG_WARN_NON_LITERAL_NULL_CONVERSION = YES;
				CLANG_WARN_OBJC_IMPLICIT_RETAIN_SELF = YES;
				CLANG_WARN_OBJC_LITERAL_CONVERSION = YES;
				CLANG_WARN_OBJC_ROOT_CLASS = YES_ERROR;
				CLANG_WARN_QUOTED_INCLUDE_IN_FRAMEWORK_HEADER = YES;
				CLANG_WARN_RANGE_LOOP_ANALYSIS = YES;
				CLANG_WARN_STRICT_PROTOTYPES = YES;
				CLANG_WARN_SUSPICIOUS_MOVE = YES;
				CLANG_WARN_UNGUARDED_AVAILABILITY = YES_AGGRESSIVE;
				CLANG_WARN_UNREACHABLE_CODE = YES;
				CLANG_WARN__DUPLICATE_METHOD_MATCH = YES;
				COPY_PHASE_STRIP = NO;
				DEBUG_INFORMATION_FORMAT = "dwarf-with-dsym";
				ENABLE_NS_ASSERTIONS = NO;
				ENABLE_STRICT_OBJC_MSGSEND = YES;
				GCC_C_LANGUAGE_STANDARD = gnu11;
				GCC_NO_COMMON_BLOCKS = YES;
				GCC_WARN_64_TO_32_BIT_CONVERSION = YES;
				GCC_WARN_ABOUT_RETURN_TYPE = YES_ERROR;
				GCC_WARN_UNDECLARED_SELECTOR = YES;
				GCC_WARN_UNINITIALIZED_AUTOS = YES_AGGRESSIVE;
				GCC_WARN_UNUSED_FUNCTION = YES;
				GCC_WARN_UNUSED_VARIABLE = YES;
				IPHONEOS_DEPLOYMENT_TARGET = 14.0;
				MTL_ENABLE_DEBUG_INFO = NO;
				MTL_FAST_MATH = YES;
				SDKROOT = iphoneos;
				SWIFT_COMPILATION_MODE = wholemodule;
				SWIFT_OPTIMIZATION_LEVEL = "-O";
				VALIDATE_PRODUCT = YES;
			};
			name = Release;
		};
		5207AFE62520C38B0058C666 /* Debug */ = {
			isa = XCBuildConfiguration;
			buildSettings = {
				ASSETCATALOG_COMPILER_APPICON_NAME = AppIcon;
				ASSETCATALOG_COMPILER_GLOBAL_ACCENT_COLOR_NAME = AccentColor;
				CODE_SIGN_STYLE = Automatic;
				DEVELOPMENT_ASSET_PATHS = "\"BucketList/Preview Content\"";
				DEVELOPMENT_TEAM = PM9A36DEYH;
				ENABLE_PREVIEWS = YES;
				INFOPLIST_FILE = BucketList/Info.plist;
				LD_RUNPATH_SEARCH_PATHS = (
					"$(inherited)",
					"@executable_path/Frameworks",
				);
				PRODUCT_BUNDLE_IDENTIFIER = com.ginger.BucketList;
				PRODUCT_NAME = "$(TARGET_NAME)";
				SWIFT_VERSION = 5.0;
				TARGETED_DEVICE_FAMILY = "1,2";
			};
			name = Debug;
		};
		5207AFE72520C38B0058C666 /* Release */ = {
			isa = XCBuildConfiguration;
			buildSettings = {
				ASSETCATALOG_COMPILER_APPICON_NAME = AppIcon;
				ASSETCATALOG_COMPILER_GLOBAL_ACCENT_COLOR_NAME = AccentColor;
				CODE_SIGN_STYLE = Automatic;
				DEVELOPMENT_ASSET_PATHS = "\"BucketList/Preview Content\"";
				DEVELOPMENT_TEAM = PM9A36DEYH;
				ENABLE_PREVIEWS = YES;
				INFOPLIST_FILE = BucketList/Info.plist;
				LD_RUNPATH_SEARCH_PATHS = (
					"$(inherited)",
					"@executable_path/Frameworks",
				);
				PRODUCT_BUNDLE_IDENTIFIER = com.ginger.BucketList;
				PRODUCT_NAME = "$(TARGET_NAME)";
				SWIFT_VERSION = 5.0;
				TARGETED_DEVICE_FAMILY = "1,2";
			};
			name = Release;
		};
		5207AFE92520C38B0058C666 /* Debug */ = {
			isa = XCBuildConfiguration;
			buildSettings = {
				ALWAYS_EMBED_SWIFT_STANDARD_LIBRARIES = YES;
				BUNDLE_LOADER = "$(TEST_HOST)";
				CODE_SIGN_STYLE = Automatic;
				DEVELOPMENT_TEAM = PM9A36DEYH;
				INFOPLIST_FILE = BucketListTests/Info.plist;
				IPHONEOS_DEPLOYMENT_TARGET = 14.0;
				LD_RUNPATH_SEARCH_PATHS = (
					"$(inherited)",
					"@executable_path/Frameworks",
					"@loader_path/Frameworks",
				);
				PRODUCT_BUNDLE_IDENTIFIER = com.ginger.BucketListTests;
				PRODUCT_NAME = "$(TARGET_NAME)";
				SWIFT_VERSION = 5.0;
				TARGETED_DEVICE_FAMILY = "1,2";
				TEST_HOST = "$(BUILT_PRODUCTS_DIR)/BucketList.app/BucketList";
			};
			name = Debug;
		};
		5207AFEA2520C38B0058C666 /* Release */ = {
			isa = XCBuildConfiguration;
			buildSettings = {
				ALWAYS_EMBED_SWIFT_STANDARD_LIBRARIES = YES;
				BUNDLE_LOADER = "$(TEST_HOST)";
				CODE_SIGN_STYLE = Automatic;
				DEVELOPMENT_TEAM = PM9A36DEYH;
				INFOPLIST_FILE = BucketListTests/Info.plist;
				IPHONEOS_DEPLOYMENT_TARGET = 14.0;
				LD_RUNPATH_SEARCH_PATHS = (
					"$(inherited)",
					"@executable_path/Frameworks",
					"@loader_path/Frameworks",
				);
				PRODUCT_BUNDLE_IDENTIFIER = com.ginger.BucketListTests;
				PRODUCT_NAME = "$(TARGET_NAME)";
				SWIFT_VERSION = 5.0;
				TARGETED_DEVICE_FAMILY = "1,2";
				TEST_HOST = "$(BUILT_PRODUCTS_DIR)/BucketList.app/BucketList";
			};
			name = Release;
		};
		5207AFEC2520C38B0058C666 /* Debug */ = {
			isa = XCBuildConfiguration;
			buildSettings = {
				ALWAYS_EMBED_SWIFT_STANDARD_LIBRARIES = YES;
				CODE_SIGN_STYLE = Automatic;
				DEVELOPMENT_TEAM = PM9A36DEYH;
				INFOPLIST_FILE = BucketListUITests/Info.plist;
				LD_RUNPATH_SEARCH_PATHS = (
					"$(inherited)",
					"@executable_path/Frameworks",
					"@loader_path/Frameworks",
				);
				PRODUCT_BUNDLE_IDENTIFIER = com.ginger.BucketListUITests;
				PRODUCT_NAME = "$(TARGET_NAME)";
				SWIFT_VERSION = 5.0;
				TARGETED_DEVICE_FAMILY = "1,2";
				TEST_TARGET_NAME = BucketList;
			};
			name = Debug;
		};
		5207AFED2520C38B0058C666 /* Release */ = {
			isa = XCBuildConfiguration;
			buildSettings = {
				ALWAYS_EMBED_SWIFT_STANDARD_LIBRARIES = YES;
				CODE_SIGN_STYLE = Automatic;
				DEVELOPMENT_TEAM = PM9A36DEYH;
				INFOPLIST_FILE = BucketListUITests/Info.plist;
				LD_RUNPATH_SEARCH_PATHS = (
					"$(inherited)",
					"@executable_path/Frameworks",
					"@loader_path/Frameworks",
				);
				PRODUCT_BUNDLE_IDENTIFIER = com.ginger.BucketListUITests;
				PRODUCT_NAME = "$(TARGET_NAME)";
				SWIFT_VERSION = 5.0;
				TARGETED_DEVICE_FAMILY = "1,2";
				TEST_TARGET_NAME = BucketList;
			};
			name = Release;
		};
/* End XCBuildConfiguration section */

/* Begin XCConfigurationList section */
		5207AFB62520C3890058C666 /* Build configuration list for PBXProject "BucketList" */ = {
			isa = XCConfigurationList;
			buildConfigurations = (
				5207AFE32520C38B0058C666 /* Debug */,
				5207AFE42520C38B0058C666 /* Release */,
			);
			defaultConfigurationIsVisible = 0;
			defaultConfigurationName = Release;
		};
		5207AFE52520C38B0058C666 /* Build configuration list for PBXNativeTarget "BucketList" */ = {
			isa = XCConfigurationList;
			buildConfigurations = (
				5207AFE62520C38B0058C666 /* Debug */,
				5207AFE72520C38B0058C666 /* Release */,
			);
			defaultConfigurationIsVisible = 0;
			defaultConfigurationName = Release;
		};
		5207AFE82520C38B0058C666 /* Build configuration list for PBXNativeTarget "BucketListTests" */ = {
			isa = XCConfigurationList;
			buildConfigurations = (
				5207AFE92520C38B0058C666 /* Debug */,
				5207AFEA2520C38B0058C666 /* Release */,
			);
			defaultConfigurationIsVisible = 0;
			defaultConfigurationName = Release;
		};
		5207AFEB2520C38B0058C666 /* Build configuration list for PBXNativeTarget "BucketListUITests" */ = {
			isa = XCConfigurationList;
			buildConfigurations = (
				5207AFEC2520C38B0058C666 /* Debug */,
				5207AFED2520C38B0058C666 /* Release */,
			);
			defaultConfigurationIsVisible = 0;
			defaultConfigurationName = Release;
		};
/* End XCConfigurationList section */
	};
	rootObject = 5207AFB32520C3890058C666 /* Project object */;
}
