// !$*UTF8*$!
{
	archiveVersion = 1;
	classes = {
	};
	objectVersion = 50;
	objects = {

/* Begin PBXBuildFile section */
		520DD56B2534757400DC7B74 /* AppDelegate.swift in Sources */ = {isa = PBXBuildFile; fileRef = 520DD56A2534757400DC7B74 /* AppDelegate.swift */; };
		520DD56D2534757400DC7B74 /* SceneDelegate.swift in Sources */ = {isa = PBXBuildFile; fileRef = 520DD56C2534757400DC7B74 /* SceneDelegate.swift */; };
		520DD56F2534757400DC7B74 /* ContentView.swift in Sources */ = {isa = PBXBuildFile; fileRef = 520DD56E2534757400DC7B74 /* ContentView.swift */; };
		520DD5722534757400DC7B74 /* DiceRoll.xcdatamodeld in Sources */ = {isa = PBXBuildFile; fileRef = 520DD5702534757400DC7B74 /* DiceRoll.xcdatamodeld */; };
		520DD5742534757400DC7B74 /* Assets.xcassets in Resources */ = {isa = PBXBuildFile; fileRef = 520DD5732534757400DC7B74 /* Assets.xcassets */; };
		520DD5772534757400DC7B74 /* Preview Assets.xcassets in Resources */ = {isa = PBXBuildFile; fileRef = 520DD5762534757400DC7B74 /* Preview Assets.xcassets */; };
		520DD57A2534757400DC7B74 /* LaunchScreen.storyboard in Resources */ = {isa = PBXBuildFile; fileRef = 520DD5782534757400DC7B74 /* LaunchScreen.storyboard */; };
		520DD5832534866000DC7B74 /* RollDiceView.swift in Sources */ = {isa = PBXBuildFile; fileRef = 520DD5822534866000DC7B74 /* RollDiceView.swift */; };
		520DD587253489FB00DC7B74 /* ResultsView.swift in Sources */ = {isa = PBXBuildFile; fileRef = 520DD586253489FB00DC7B74 /* ResultsView.swift */; };
		520DD58D2534913A00DC7B74 /* CustomDiceView.swift in Sources */ = {isa = PBXBuildFile; fileRef = 520DD58C2534913A00DC7B74 /* CustomDiceView.swift */; };
		520DD5902534926700DC7B74 /* Dice.swift in Sources */ = {isa = PBXBuildFile; fileRef = 520DD58F2534926700DC7B74 /* Dice.swift */; };
/* End PBXBuildFile section */

/* Begin PBXFileReference section */
		520DD5672534757400DC7B74 /* DiceRoll.app */ = {isa = PBXFileReference; explicitFileType = wrapper.application; includeInIndex = 0; path = DiceRoll.app; sourceTree = BUILT_PRODUCTS_DIR; };
		520DD56A2534757400DC7B74 /* AppDelegate.swift */ = {isa = PBXFileReference; lastKnownFileType = sourcecode.swift; path = AppDelegate.swift; sourceTree = "<group>"; };
		520DD56C2534757400DC7B74 /* SceneDelegate.swift */ = {isa = PBXFileReference; lastKnownFileType = sourcecode.swift; path = SceneDelegate.swift; sourceTree = "<group>"; };
		520DD56E2534757400DC7B74 /* ContentView.swift */ = {isa = PBXFileReference; lastKnownFileType = sourcecode.swift; path = ContentView.swift; sourceTree = "<group>"; };
		520DD5712534757400DC7B74 /* DiceRoll.xcdatamodel */ = {isa = PBXFileReference; lastKnownFileType = wrapper.xcdatamodel; path = DiceRoll.xcdatamodel; sourceTree = "<group>"; };
		520DD5732534757400DC7B74 /* Assets.xcassets */ = {isa = PBXFileReference; lastKnownFileType = folder.assetcatalog; path = Assets.xcassets; sourceTree = "<group>"; };
		520DD5762534757400DC7B74 /* Preview Assets.xcassets */ = {isa = PBXFileReference; lastKnownFileType = folder.assetcatalog; path = "Preview Assets.xcassets"; sourceTree = "<group>"; };
		520DD5792534757400DC7B74 /* Base */ = {isa = PBXFileReference; lastKnownFileType = file.storyboard; name = Base; path = Base.lproj/LaunchScreen.storyboard; sourceTree = "<group>"; };
		520DD57B2534757400DC7B74 /* Info.plist */ = {isa = PBXFileReference; lastKnownFileType = text.plist.xml; path = Info.plist; sourceTree = "<group>"; };
		520DD5822534866000DC7B74 /* RollDiceView.swift */ = {isa = PBXFileReference; lastKnownFileType = sourcecode.swift; path = RollDiceView.swift; sourceTree = "<group>"; };
		520DD586253489FB00DC7B74 /* ResultsView.swift */ = {isa = PBXFileReference; lastKnownFileType = sourcecode.swift; path = ResultsView.swift; sourceTree = "<group>"; };
		520DD58C2534913A00DC7B74 /* CustomDiceView.swift */ = {isa = PBXFileReference; lastKnownFileType = sourcecode.swift; path = CustomDiceView.swift; sourceTree = "<group>"; };
		520DD58F2534926700DC7B74 /* Dice.swift */ = {isa = PBXFileReference; lastKnownFileType = sourcecode.swift; path = Dice.swift; sourceTree = "<group>"; };
/* End PBXFileReference section */

/* Begin PBXFrameworksBuildPhase section */
		520DD5642534757400DC7B74 /* Frameworks */ = {
			isa = PBXFrameworksBuildPhase;
			buildActionMask = 2147483647;
			files = (
			);
			runOnlyForDeploymentPostprocessing = 0;
		};
/* End PBXFrameworksBuildPhase section */

/* Begin PBXGroup section */
		520DD55E2534757400DC7B74 = {
			isa = PBXGroup;
			children = (
				520DD5692534757400DC7B74 /* DiceRoll */,
				520DD5682534757400DC7B74 /* Products */,
			);
			sourceTree = "<group>";
		};
		520DD5682534757400DC7B74 /* Products */ = {
			isa = PBXGroup;
			children = (
				520DD5672534757400DC7B74 /* DiceRoll.app */,
			);
			name = Products;
			sourceTree = "<group>";
		};
		520DD5692534757400DC7B74 /* DiceRoll */ = {
			isa = PBXGroup;
			children = (
				520DD56A2534757400DC7B74 /* AppDelegate.swift */,
				520DD56C2534757400DC7B74 /* SceneDelegate.swift */,
				520DD58F2534926700DC7B74 /* Dice.swift */,
				520DD56E2534757400DC7B74 /* ContentView.swift */,
				520DD58C2534913A00DC7B74 /* CustomDiceView.swift */,
				520DD5822534866000DC7B74 /* RollDiceView.swift */,
				520DD586253489FB00DC7B74 /* ResultsView.swift */,
				520DD5732534757400DC7B74 /* Assets.xcassets */,
				520DD5782534757400DC7B74 /* LaunchScreen.storyboard */,
				520DD57B2534757400DC7B74 /* Info.plist */,
				520DD5702534757400DC7B74 /* DiceRoll.xcdatamodeld */,
				520DD5752534757400DC7B74 /* Preview Content */,
			);
			path = DiceRoll;
			sourceTree = "<group>";
		};
		520DD5752534757400DC7B74 /* Preview Content */ = {
			isa = PBXGroup;
			children = (
				520DD5762534757400DC7B74 /* Preview Assets.xcassets */,
			);
			path = "Preview Content";
			sourceTree = "<group>";
		};
/* End PBXGroup section */

/* Begin PBXNativeTarget section */
		520DD5662534757400DC7B74 /* DiceRoll */ = {
			isa = PBXNativeTarget;
			buildConfigurationList = 520DD57E2534757500DC7B74 /* Build configuration list for PBXNativeTarget "DiceRoll" */;
			buildPhases = (
				520DD5632534757400DC7B74 /* Sources */,
				520DD5642534757400DC7B74 /* Frameworks */,
				520DD5652534757400DC7B74 /* Resources */,
			);
			buildRules = (
			);
			dependencies = (
			);
			name = DiceRoll;
			productName = DiceRoll;
			productReference = 520DD5672534757400DC7B74 /* DiceRoll.app */;
			productType = "com.apple.product-type.application";
		};
/* End PBXNativeTarget section */

/* Begin PBXProject section */
		520DD55F2534757400DC7B74 /* Project object */ = {
			isa = PBXProject;
			attributes = {
				LastSwiftUpdateCheck = 1200;
				LastUpgradeCheck = 1200;
				TargetAttributes = {
					520DD5662534757400DC7B74 = {
						CreatedOnToolsVersion = 12.0.1;
					};
				};
			};
			buildConfigurationList = 520DD5622534757400DC7B74 /* Build configuration list for PBXProject "DiceRoll" */;
			compatibilityVersion = "Xcode 9.3";
			developmentRegion = en;
			hasScannedForEncodings = 0;
			knownRegions = (
				en,
				Base,
			);
			mainGroup = 520DD55E2534757400DC7B74;
			productRefGroup = 520DD5682534757400DC7B74 /* Products */;
			projectDirPath = "";
			projectRoot = "";
			targets = (
				520DD5662534757400DC7B74 /* DiceRoll */,
			);
		};
/* End PBXProject section */

/* Begin PBXResourcesBuildPhase section */
		520DD5652534757400DC7B74 /* Resources */ = {
			isa = PBXResourcesBuildPhase;
			buildActionMask = 2147483647;
			files = (
				520DD57A2534757400DC7B74 /* LaunchScreen.storyboard in Resources */,
				520DD5772534757400DC7B74 /* Preview Assets.xcassets in Resources */,
				520DD5742534757400DC7B74 /* Assets.xcassets in Resources */,
			);
			runOnlyForDeploymentPostprocessing = 0;
		};
/* End PBXResourcesBuildPhase section */

/* Begin PBXSourcesBuildPhase section */
		520DD5632534757400DC7B74 /* Sources */ = {
			isa = PBXSourcesBuildPhase;
			buildActionMask = 2147483647;
			files = (
				520DD56B2534757400DC7B74 /* AppDelegate.swift in Sources */,
				520DD587253489FB00DC7B74 /* ResultsView.swift in Sources */,
				520DD58D2534913A00DC7B74 /* CustomDiceView.swift in Sources */,
				520DD56D2534757400DC7B74 /* SceneDelegate.swift in Sources */,
				520DD5902534926700DC7B74 /* Dice.swift in Sources */,
				520DD56F2534757400DC7B74 /* ContentView.swift in Sources */,
				520DD5832534866000DC7B74 /* RollDiceView.swift in Sources */,
				520DD5722534757400DC7B74 /* DiceRoll.xcdatamodeld in Sources */,
			);
			runOnlyForDeploymentPostprocessing = 0;
		};
/* End PBXSourcesBuildPhase section */

/* Begin PBXVariantGroup section */
		520DD5782534757400DC7B74 /* LaunchScreen.storyboard */ = {
			isa = PBXVariantGroup;
			children = (
				520DD5792534757400DC7B74 /* Base */,
			);
			name = LaunchScreen.storyboard;
			sourceTree = "<group>";
		};
/* End PBXVariantGroup section */

/* Begin XCBuildConfiguration section */
		520DD57C2534757500DC7B74 /* Debug */ = {
			isa = XCBuildConfiguration;
			buildSettings = {
				ALWAYS_SEARCH_USER_PATHS = NO;
				CLANG_ANALYZER_NONNULL = YES;
				CLANG_ANALYZER_NUMBER_OBJECT_CONVERSION = YES_AGGRESSIVE;
				CLANG_CXX_LANGUAGE_STANDARD = "gnu++14";
				CLANG_CXX_LIBRARY = "libc++";
				CLANG_ENABLE_MODULES = YES;
				CLANG_ENABLE_OBJC_ARC = YES;
				CLANG_ENABLE_OBJC_WEAK = YES;
				CLANG_WARN_BLOCK_CAPTURE_AUTORELEASING = YES;
				CLANG_WARN_BOOL_CONVERSION = YES;
				CLANG_WARN_COMMA = YES;
				CLANG_WARN_CONSTANT_CONVERSION = YES;
				CLANG_WARN_DEPRECATED_OBJC_IMPLEMENTATIONS = YES;
				CLANG_WARN_DIRECT_OBJC_ISA_USAGE = YES_ERROR;
				CLANG_WARN_DOCUMENTATION_COMMENTS = YES;
				CLANG_WARN_EMPTY_BODY = YES;
				CLANG_WARN_ENUM_CONVERSION = YES;
				CLANG_WARN_INFINITE_RECURSION = YES;
				CLANG_WARN_INT_CONVERSION = YES;
				CLANG_WARN_NON_LITERAL_NULL_CONVERSION = YES;
				CLANG_WARN_OBJC_IMPLICIT_RETAIN_SELF = YES;
				CLANG_WARN_OBJC_LITERAL_CONVERSION = YES;
				CLANG_WARN_OBJC_ROOT_CLASS = YES_ERROR;
				CLANG_WARN_QUOTED_INCLUDE_IN_FRAMEWORK_HEADER = YES;
				CLANG_WARN_RANGE_LOOP_ANALYSIS = YES;
				CLANG_WARN_STRICT_PROTOTYPES = YES;
				CLANG_WARN_SUSPICIOUS_MOVE = YES;
				CLANG_WARN_UNGUARDED_AVAILABILITY = YES_AGGRESSIVE;
				CLANG_WARN_UNREACHABLE_CODE = YES;
				CLANG_WARN__DUPLICATE_METHOD_MATCH = YES;
				COPY_PHASE_STRIP = NO;
				DEBUG_INFORMATION_FORMAT = dwarf;
				ENABLE_STRICT_OBJC_MSGSEND = YES;
				ENABLE_TESTABILITY = YES;
				GCC_C_LANGUAGE_STANDARD = gnu11;
				GCC_DYNAMIC_NO_PIC = NO;
				GCC_NO_COMMON_BLOCKS = YES;
				GCC_OPTIMIZATION_LEVEL = 0;
				GCC_PREPROCESSOR_DEFINITIONS = (
					"DEBUG=1",
					"$(inherited)",
				);
				GCC_WARN_64_TO_32_BIT_CONVERSION = YES;
				GCC_WARN_ABOUT_RETURN_TYPE = YES_ERROR;
				GCC_WARN_UNDECLARED_SELECTOR = YES;
				GCC_WARN_UNINITIALIZED_AUTOS = YES_AGGRESSIVE;
				GCC_WARN_UNUSED_FUNCTION = YES;
				GCC_WARN_UNUSED_VARIABLE = YES;
				IPHONEOS_DEPLOYMENT_TARGET = 14.0;
				MTL_ENABLE_DEBUG_INFO = INCLUDE_SOURCE;
				MTL_FAST_MATH = YES;
				ONLY_ACTIVE_ARCH = YES;
				SDKROOT = iphoneos;
				SWIFT_ACTIVE_COMPILATION_CONDITIONS = DEBUG;
				SWIFT_OPTIMIZATION_LEVEL = "-Onone";
			};
			name = Debug;
		};
		520DD57D2534757500DC7B74 /* Release */ = {
			isa = XCBuildConfiguration;
			buildSettings = {
				ALWAYS_SEARCH_USER_PATHS = NO;
				CLANG_ANALYZER_NONNULL = YES;
				CLANG_ANALYZER_NUMBER_OBJECT_CONVERSION = YES_AGGRESSIVE;
				CLANG_CXX_LANGUAGE_STANDARD = "gnu++14";
				CLANG_CXX_LIBRARY = "libc++";
				CLANG_ENABLE_MODULES = YES;
				CLANG_ENABLE_OBJC_ARC = YES;
				CLANG_ENABLE_OBJC_WEAK = YES;
				CLANG_WARN_BLOCK_CAPTURE_AUTORELEASING = YES;
				CLANG_WARN_BOOL_CONVERSION = YES;
				CLANG_WARN_COMMA = YES;
				CLANG_WARN_CONSTANT_CONVERSION = YES;
				CLANG_WARN_DEPRECATED_OBJC_IMPLEMENTATIONS = YES;
				CLANG_WARN_DIRECT_OBJC_ISA_USAGE = YES_ERROR;
				CLANG_WARN_DOCUMENTATION_COMMENTS = YES;
				CLANG_WARN_EMPTY_BODY = YES;
				CLANG_WARN_ENUM_CONVERSION = YES;
				CLANG_WARN_INFINITE_RECURSION = YES;
				CLANG_WARN_INT_CONVERSION = YES;
				CLANG_WARN_NON_LITERAL_NULL_CONVERSION = YES;
				CLANG_WARN_OBJC_IMPLICIT_RETAIN_SELF = YES;
				CLANG_WARN_OBJC_LITERAL_CONVERSION = YES;
				CLANG_WARN_OBJC_ROOT_CLASS = YES_ERROR;
				CLANG_WARN_QUOTED_INCLUDE_IN_FRAMEWORK_HEADER = YES;
				CLANG_WARN_RANGE_LOOP_ANALYSIS = YES;
				CLANG_WARN_STRICT_PROTOTYPES = YES;
				CLANG_WARN_SUSPICIOUS_MOVE = YES;
				CLANG_WARN_UNGUARDED_AVAILABILITY = YES_AGGRESSIVE;
				CLANG_WARN_UNREACHABLE_CODE = YES;
				CLANG_WARN__DUPLICATE_METHOD_MATCH = YES;
				COPY_PHASE_STRIP = NO;
				DEBUG_INFORMATION_FORMAT = "dwarf-with-dsym";
				ENABLE_NS_ASSERTIONS = NO;
				ENABLE_STRICT_OBJC_MSGSEND = YES;
				GCC_C_LANGUAGE_STANDARD = gnu11;
				GCC_NO_COMMON_BLOCKS = YES;
				GCC_WARN_64_TO_32_BIT_CONVERSION = YES;
				GCC_WARN_ABOUT_RETURN_TYPE = YES_ERROR;
				GCC_WARN_UNDECLARED_SELECTOR = YES;
				GCC_WARN_UNINITIALIZED_AUTOS = YES_AGGRESSIVE;
				GCC_WARN_UNUSED_FUNCTION = YES;
				GCC_WARN_UNUSED_VARIABLE = YES;
				IPHONEOS_DEPLOYMENT_TARGET = 14.0;
				MTL_ENABLE_DEBUG_INFO = NO;
				MTL_FAST_MATH = YES;
				SDKROOT = iphoneos;
				SWIFT_COMPILATION_MODE = wholemodule;
				SWIFT_OPTIMIZATION_LEVEL = "-O";
				VALIDATE_PRODUCT = YES;
			};
			name = Release;
		};
		520DD57F2534757500DC7B74 /* Debug */ = {
			isa = XCBuildConfiguration;
			buildSettings = {
				ASSETCATALOG_COMPILER_APPICON_NAME = AppIcon;
				ASSETCATALOG_COMPILER_GLOBAL_ACCENT_COLOR_NAME = AccentColor;
				CODE_SIGN_STYLE = Automatic;
				DEVELOPMENT_ASSET_PATHS = "\"DiceRoll/Preview Content\"";
				DEVELOPMENT_TEAM = PM9A36DEYH;
				ENABLE_PREVIEWS = YES;
				INFOPLIST_FILE = DiceRoll/Info.plist;
				LD_RUNPATH_SEARCH_PATHS = (
					"$(inherited)",
					"@executable_path/Frameworks",
				);
				PRODUCT_BUNDLE_IDENTIFIER = com.ginger.DiceRoll;
				PRODUCT_NAME = "$(TARGET_NAME)";
				SWIFT_VERSION = 5.0;
				TARGETED_DEVICE_FAMILY = "1,2";
			};
			name = Debug;
		};
		520DD5802534757500DC7B74 /* Release */ = {
			isa = XCBuildConfiguration;
			buildSettings = {
				ASSETCATALOG_COMPILER_APPICON_NAME = AppIcon;
				ASSETCATALOG_COMPILER_GLOBAL_ACCENT_COLOR_NAME = AccentColor;
				CODE_SIGN_STYLE = Automatic;
				DEVELOPMENT_ASSET_PATHS = "\"DiceRoll/Preview Content\"";
				DEVELOPMENT_TEAM = PM9A36DEYH;
				ENABLE_PREVIEWS = YES;
				INFOPLIST_FILE = DiceRoll/Info.plist;
				LD_RUNPATH_SEARCH_PATHS = (
					"$(inherited)",
					"@executable_path/Frameworks",
				);
				PRODUCT_BUNDLE_IDENTIFIER = com.ginger.DiceRoll;
				PRODUCT_NAME = "$(TARGET_NAME)";
				SWIFT_VERSION = 5.0;
				TARGETED_DEVICE_FAMILY = "1,2";
			};
			name = Release;
		};
/* End XCBuildConfiguration section */

/* Begin XCConfigurationList section */
		520DD5622534757400DC7B74 /* Build configuration list for PBXProject "DiceRoll" */ = {
			isa = XCConfigurationList;
			buildConfigurations = (
				520DD57C2534757500DC7B74 /* Debug */,
				520DD57D2534757500DC7B74 /* Release */,
			);
			defaultConfigurationIsVisible = 0;
			defaultConfigurationName = Release;
		};
		520DD57E2534757500DC7B74 /* Build configuration list for PBXNativeTarget "DiceRoll" */ = {
			isa = XCConfigurationList;
			buildConfigurations = (
				520DD57F2534757500DC7B74 /* Debug */,
				520DD5802534757500DC7B74 /* Release */,
			);
			defaultConfigurationIsVisible = 0;
			defaultConfigurationName = Release;
		};
/* End XCConfigurationList section */

/* Begin XCVersionGroup section */
		520DD5702534757400DC7B74 /* DiceRoll.xcdatamodeld */ = {
			isa = XCVersionGroup;
			children = (
				520DD5712534757400DC7B74 /* DiceRoll.xcdatamodel */,
			);
			currentVersion = 520DD5712534757400DC7B74 /* DiceRoll.xcdatamodel */;
			path = DiceRoll.xcdatamodeld;
			sourceTree = "<group>";
			versionGroupType = wrapper.xcdatamodel;
		};
/* End XCVersionGroup section */
	};
	rootObject = 520DD55F2534757400DC7B74 /* Project object */;
}
